
Microsoft Visual Studio Solution File, Format Version 12.00
# Visual Studio Version 16
VisualStudioVersion = 16.0.28803.352
MinimumVisualStudioVersion = 10.0.40219.1
Project("{FAE04EC0-301F-11D3-BF4B-00C04F79EFBC}") = "Cefshapr.Ext", "Common.Ext\CefsharpWin.ControlExt\Cefshapr.Ext\Cefshapr.Ext.csproj", "{45A4E508-2E64-4403-8059-6979C850AD1E}"
EndProject
Global
	GlobalSection(SolutionConfigurationPlatforms) = preSolution
		Debug|Any CPU = Debug|Any CPU
		Release|Any CPU = Release|Any CPU
	EndGlobalSection
	GlobalSection(ProjectConfigurationPlatforms) = postSolution
		{45A4E508-2E64-4403-8059-6979C850AD1E}.Debug|Any CPU.ActiveCfg = Debug|Any CPU
		{45A4E508-2E64-4403-8059-6979C850AD1E}.Debug|Any CPU.Build.0 = Debug|Any CPU
		{45A4E508-2E64-4403-8059-6979C850AD1E}.Release|Any CPU.ActiveCfg = Release|Any CPU
		{45A4E508-2E64-4403-8059-6979C850AD1E}.Release|Any CPU.Build.0 = Release|Any CPU
	EndGlobalSection
	GlobalSection(SolutionProperties) = preSolution
		HideSolutionNode = FALSE
	EndGlobalSection
	GlobalSection(ExtensibilityGlobals) = postSolution
		SolutionGuid = {339100F0-FAFD-4A6A-AE0F-3FBD7F029A10}
	EndGlobalSection
EndGlobal
