
Microsoft Visual Studio Solution File, Format Version 12.00
# Visual Studio 2013
VisualStudioVersion = 12.0.30501.0
MinimumVisualStudioVersion = 10.0.40219.1
Project("{FAE04EC0-301F-11D3-BF4B-00C04F79EFBC}") = "CaptureWebData", "CaptureWebData\CaptureWebData.csproj", "{A3F54BBB-F751-4660-AA9A-FED9D94281D1}"
EndProject
Project("{FAE04EC0-301F-11D3-BF4B-00C04F79EFBC}") = "PickUpDataMvc", "PickUpDataWeb\Web\PickUpDataMvc\PickUpDataMvc.csproj", "{AC058931-8720-43EF-B7D5-A4F0CC648462}"
EndProject
Project("{2150E333-8FDC-42A3-9474-1A3956D46DE8}") = "bin", "bin", "{0C4953B0-9E5F-4272-85C3-D214A7D33B80}"
EndProject
Project("{FAE04EC0-301F-11D3-BF4B-00C04F79EFBC}") = "Infrastructure.EFMsSQL", "..\CaptureData\Infrastructure\Infrastructure.EFMsSQL\Infrastructure.EFMsSQL.csproj", "{20F7EF8C-D882-498A-9D4E-2E1F1A6EC2F2}"
EndProject
Project("{FAE04EC0-301F-11D3-BF4B-00C04F79EFBC}") = "Application.IPDataService", "..\CaptureData\Infrastructure\Application\Application.IPDataService\Application.IPDataService.csproj", "{CE6B1F9A-1DF7-4E35-ADCC-B527206F2B98}"
EndProject
Project("{FAE04EC0-301F-11D3-BF4B-00C04F79EFBC}") = "Domain.CommonData", "..\CaptureData\Infrastructure\Domain\Domain.CommonData\Domain.CommonData.csproj", "{9CEF7F17-E35B-4AF0-BFAF-DA0F7B3D9EF4}"
EndProject
Project("{FAE04EC0-301F-11D3-BF4B-00C04F79EFBC}") = "Domain.MainContextData", "..\CaptureData\Infrastructure\Domain\Domain.MainContextData\Domain.MainContextData.csproj", "{B8760609-17D0-4F0A-913F-DBA3092D212D}"
EndProject
Project("{2150E333-8FDC-42A3-9474-1A3956D46DE8}") = "Domain", "Domain", "{46EA8F30-5239-4673-B56F-463CB395B141}"
EndProject
Project("{FAE04EC0-301F-11D3-BF4B-00C04F79EFBC}") = "SelfControlForm", "SelfControlForm\SelfControlForm.csproj", "{F56BF2A6-3935-4975-AB7A-7B242F36EE83}"
EndProject
Project("{FAE04EC0-301F-11D3-BF4B-00C04F79EFBC}") = "FeatureFrmList", "FeatureFrmList\FeatureFrmList.csproj", "{9843B4C8-9CC6-444D-8C34-371F828B3717}"
EndProject
Project("{FAE04EC0-301F-11D3-BF4B-00C04F79EFBC}") = "ApplicationService.MainContextData", "..\CaptureData\Infrastructure\Application\ApplicationService.MainContextData\ApplicationService.MainContextData.csproj", "{FFCA7BD3-9A83-4110-A0E3-2D9C06CD5F34}"
EndProject
Project("{FAE04EC0-301F-11D3-BF4B-00C04F79EFBC}") = "InfrastructureRepository.IMainContext", "..\CaptureData\Infrastructure\InfrastructureRepository\InfrastructureRepository.IMainContext\InfrastructureRepository.IMainContext.csproj", "{A790A117-B949-47F8-8A62-9A22E996FCC8}"
EndProject
Project("{FAE04EC0-301F-11D3-BF4B-00C04F79EFBC}") = "Infrastructure.ExtService", "..\CaptureData\Infrastructure\Ext\Infrastructure.ExtService\Infrastructure.ExtService.csproj", "{97A9CE89-2781-483D-B300-63ED4CC61252}"
EndProject
Project("{2150E333-8FDC-42A3-9474-1A3956D46DE8}") = "Infrastructure", "Infrastructure", "{4CC1115A-0CC8-4BEB-B2CC-0ED8D706E75F}"
EndProject
Project("{FAE04EC0-301F-11D3-BF4B-00C04F79EFBC}") = "NpkThirdPartService.MainContext", "..\CaptureData\Infrastructure\DistributedServices\NpkThirdPartService.MainContext\NpkThirdPartService.MainContext.csproj", "{EAE9C5FA-DC37-4A49-9488-C2CA7C9CAE63}"
EndProject
Project("{FAE04EC0-301F-11D3-BF4B-00C04F79EFBC}") = "GatherImage", "GatherImage\GatherImage.csproj", "{F5C36711-8ED0-4C98-9637-EF381B992C05}"
EndProject
Project("{FAE04EC0-301F-11D3-BF4B-00C04F79EFBC}") = "MenuListCs", "AutoMenu\MenuListCs\MenuListCs.csproj", "{3E291A8E-2CC4-47E3-BC7C-882B43C131E3}"
EndProject
Project("{2150E333-8FDC-42A3-9474-1A3956D46DE8}") = "Menu", "Menu", "{04AFFF02-BD80-463B-ABE2-34E30679817C}"
EndProject
Project("{FAE04EC0-301F-11D3-BF4B-00C04F79EFBC}") = "CodeInitMenuWin", "AutoMenu\CodeInitMenuWin\CodeInitMenuWin.csproj", "{ECFCCDAB-A2BA-49AF-93B7-64CAC4461237}"
EndProject
Project("{FAE04EC0-301F-11D3-BF4B-00C04F79EFBC}") = "Demo", "..\Demo\Demo.csproj", "{111A8E3A-B0F2-47E6-9796-940F61A7AB80}"
EndProject
Project("{FAE04EC0-301F-11D3-BF4B-00C04F79EFBC}") = "TimeIntervalListen", "TimeIntervalListen\TimeIntervalListen.csproj", "{D296DC23-A32A-4696-B8E1-D8BF848DCC5D}"
EndProject
Project("{2150E333-8FDC-42A3-9474-1A3956D46DE8}") = "ApplicationService", "ApplicationService", "{1A823B42-381B-410D-AF42-DD9A68E1F61E}"
EndProject
Project("{FAE04EC0-301F-11D3-BF4B-00C04F79EFBC}") = "AppService.RedisService", "..\CaptureData\Infrastructure\Application\AppService.RedisService\AppService.RedisService.csproj", "{4381D531-C89C-486D-BADA-B94D022F665E}"
EndProject
Project("{FAE04EC0-301F-11D3-BF4B-00C04F79EFBC}") = "EmailHelper", "..\CaptureData\Infrastructure\Ext\EmailHelper\EmailHelper.csproj", "{0BA494A2-4ACC-4277-8A68-B519D76A02B0}"
EndProject
Project("{FAE04EC0-301F-11D3-BF4B-00C04F79EFBC}") = "CaptureDataMvc", "CaptureDataMvc\CaptureDataMvc.csproj", "{260C13FF-62BF-4C22-B85E-6D227BB64F30}"
EndProject
Project("{2150E333-8FDC-42A3-9474-1A3956D46DE8}") = "President", "President", "{A6454CE8-AC13-4840-B473-8D3234D62EBB}"
EndProject
Project("{FAE04EC0-301F-11D3-BF4B-00C04F79EFBC}") = "CaptureDataWebApi", "CaptureDataWebApi\CaptureDataWebApi.csproj", "{FF8BBA0A-ADD4-4750-916E-A635A27CA67E}"
EndProject
Project("{FAE04EC0-301F-11D3-BF4B-00C04F79EFBC}") = "CaptureManage.AppWin", "CaptureManage.AppWin\CaptureManage.AppWin.csproj", "{11861A4E-E136-4395-9ABD-31637E3DAE9A}"
EndProject
Project("{FAE04EC0-301F-11D3-BF4B-00C04F79EFBC}") = "Domain.GlobalModel", "..\CaptureData\Infrastructure\Domain\Domain.GlobalModel\Domain.GlobalModel.csproj", "{BA4BE399-D5A0-49EB-8C57-8458D74E9803}"
EndProject
Global
	GlobalSection(SolutionConfigurationPlatforms) = preSolution
		Debug|Any CPU = Debug|Any CPU
		Release|Any CPU = Release|Any CPU
	EndGlobalSection
	GlobalSection(ProjectConfigurationPlatforms) = postSolution
		{A3F54BBB-F751-4660-AA9A-FED9D94281D1}.Debug|Any CPU.ActiveCfg = Debug|Any CPU
		{A3F54BBB-F751-4660-AA9A-FED9D94281D1}.Debug|Any CPU.Build.0 = Debug|Any CPU
		{A3F54BBB-F751-4660-AA9A-FED9D94281D1}.Release|Any CPU.ActiveCfg = Release|Any CPU
		{A3F54BBB-F751-4660-AA9A-FED9D94281D1}.Release|Any CPU.Build.0 = Release|Any CPU
		{AC058931-8720-43EF-B7D5-A4F0CC648462}.Debug|Any CPU.ActiveCfg = Debug|Any CPU
		{AC058931-8720-43EF-B7D5-A4F0CC648462}.Debug|Any CPU.Build.0 = Debug|Any CPU
		{AC058931-8720-43EF-B7D5-A4F0CC648462}.Release|Any CPU.ActiveCfg = Release|Any CPU
		{AC058931-8720-43EF-B7D5-A4F0CC648462}.Release|Any CPU.Build.0 = Release|Any CPU
		{20F7EF8C-D882-498A-9D4E-2E1F1A6EC2F2}.Debug|Any CPU.ActiveCfg = Debug|Any CPU
		{20F7EF8C-D882-498A-9D4E-2E1F1A6EC2F2}.Debug|Any CPU.Build.0 = Debug|Any CPU
		{20F7EF8C-D882-498A-9D4E-2E1F1A6EC2F2}.Release|Any CPU.ActiveCfg = Release|Any CPU
		{20F7EF8C-D882-498A-9D4E-2E1F1A6EC2F2}.Release|Any CPU.Build.0 = Release|Any CPU
		{CE6B1F9A-1DF7-4E35-ADCC-B527206F2B98}.Debug|Any CPU.ActiveCfg = Debug|Any CPU
		{CE6B1F9A-1DF7-4E35-ADCC-B527206F2B98}.Debug|Any CPU.Build.0 = Debug|Any CPU
		{CE6B1F9A-1DF7-4E35-ADCC-B527206F2B98}.Release|Any CPU.ActiveCfg = Release|Any CPU
		{CE6B1F9A-1DF7-4E35-ADCC-B527206F2B98}.Release|Any CPU.Build.0 = Release|Any CPU
		{9CEF7F17-E35B-4AF0-BFAF-DA0F7B3D9EF4}.Debug|Any CPU.ActiveCfg = Debug|Any CPU
		{9CEF7F17-E35B-4AF0-BFAF-DA0F7B3D9EF4}.Debug|Any CPU.Build.0 = Debug|Any CPU
		{9CEF7F17-E35B-4AF0-BFAF-DA0F7B3D9EF4}.Release|Any CPU.ActiveCfg = Release|Any CPU
		{9CEF7F17-E35B-4AF0-BFAF-DA0F7B3D9EF4}.Release|Any CPU.Build.0 = Release|Any CPU
		{B8760609-17D0-4F0A-913F-DBA3092D212D}.Debug|Any CPU.ActiveCfg = Debug|Any CPU
		{B8760609-17D0-4F0A-913F-DBA3092D212D}.Debug|Any CPU.Build.0 = Debug|Any CPU
		{B8760609-17D0-4F0A-913F-DBA3092D212D}.Release|Any CPU.ActiveCfg = Release|Any CPU
		{B8760609-17D0-4F0A-913F-DBA3092D212D}.Release|Any CPU.Build.0 = Release|Any CPU
		{F56BF2A6-3935-4975-AB7A-7B242F36EE83}.Debug|Any CPU.ActiveCfg = Debug|Any CPU
		{F56BF2A6-3935-4975-AB7A-7B242F36EE83}.Debug|Any CPU.Build.0 = Debug|Any CPU
		{F56BF2A6-3935-4975-AB7A-7B242F36EE83}.Release|Any CPU.ActiveCfg = Release|Any CPU
		{F56BF2A6-3935-4975-AB7A-7B242F36EE83}.Release|Any CPU.Build.0 = Release|Any CPU
		{9843B4C8-9CC6-444D-8C34-371F828B3717}.Debug|Any CPU.ActiveCfg = Debug|Any CPU
		{9843B4C8-9CC6-444D-8C34-371F828B3717}.Debug|Any CPU.Build.0 = Debug|Any CPU
		{9843B4C8-9CC6-444D-8C34-371F828B3717}.Release|Any CPU.ActiveCfg = Release|Any CPU
		{9843B4C8-9CC6-444D-8C34-371F828B3717}.Release|Any CPU.Build.0 = Release|Any CPU
		{FFCA7BD3-9A83-4110-A0E3-2D9C06CD5F34}.Debug|Any CPU.ActiveCfg = Debug|Any CPU
		{FFCA7BD3-9A83-4110-A0E3-2D9C06CD5F34}.Debug|Any CPU.Build.0 = Debug|Any CPU
		{FFCA7BD3-9A83-4110-A0E3-2D9C06CD5F34}.Release|Any CPU.ActiveCfg = Release|Any CPU
		{FFCA7BD3-9A83-4110-A0E3-2D9C06CD5F34}.Release|Any CPU.Build.0 = Release|Any CPU
		{A790A117-B949-47F8-8A62-9A22E996FCC8}.Debug|Any CPU.ActiveCfg = Debug|Any CPU
		{A790A117-B949-47F8-8A62-9A22E996FCC8}.Debug|Any CPU.Build.0 = Debug|Any CPU
		{A790A117-B949-47F8-8A62-9A22E996FCC8}.Release|Any CPU.ActiveCfg = Release|Any CPU
		{A790A117-B949-47F8-8A62-9A22E996FCC8}.Release|Any CPU.Build.0 = Release|Any CPU
		{97A9CE89-2781-483D-B300-63ED4CC61252}.Debug|Any CPU.ActiveCfg = Debug|Any CPU
		{97A9CE89-2781-483D-B300-63ED4CC61252}.Debug|Any CPU.Build.0 = Debug|Any CPU
		{97A9CE89-2781-483D-B300-63ED4CC61252}.Release|Any CPU.ActiveCfg = Release|Any CPU
		{97A9CE89-2781-483D-B300-63ED4CC61252}.Release|Any CPU.Build.0 = Release|Any CPU
		{EAE9C5FA-DC37-4A49-9488-C2CA7C9CAE63}.Debug|Any CPU.ActiveCfg = Debug|Any CPU
		{EAE9C5FA-DC37-4A49-9488-C2CA7C9CAE63}.Debug|Any CPU.Build.0 = Debug|Any CPU
		{EAE9C5FA-DC37-4A49-9488-C2CA7C9CAE63}.Release|Any CPU.ActiveCfg = Release|Any CPU
		{EAE9C5FA-DC37-4A49-9488-C2CA7C9CAE63}.Release|Any CPU.Build.0 = Release|Any CPU
		{F5C36711-8ED0-4C98-9637-EF381B992C05}.Debug|Any CPU.ActiveCfg = Debug|Any CPU
		{F5C36711-8ED0-4C98-9637-EF381B992C05}.Debug|Any CPU.Build.0 = Debug|Any CPU
		{F5C36711-8ED0-4C98-9637-EF381B992C05}.Release|Any CPU.ActiveCfg = Release|Any CPU
		{F5C36711-8ED0-4C98-9637-EF381B992C05}.Release|Any CPU.Build.0 = Release|Any CPU
		{3E291A8E-2CC4-47E3-BC7C-882B43C131E3}.Debug|Any CPU.ActiveCfg = Debug|Any CPU
		{3E291A8E-2CC4-47E3-BC7C-882B43C131E3}.Debug|Any CPU.Build.0 = Debug|Any CPU
		{3E291A8E-2CC4-47E3-BC7C-882B43C131E3}.Release|Any CPU.ActiveCfg = Release|Any CPU
		{3E291A8E-2CC4-47E3-BC7C-882B43C131E3}.Release|Any CPU.Build.0 = Release|Any CPU
		{ECFCCDAB-A2BA-49AF-93B7-64CAC4461237}.Debug|Any CPU.ActiveCfg = Debug|Any CPU
		{ECFCCDAB-A2BA-49AF-93B7-64CAC4461237}.Debug|Any CPU.Build.0 = Debug|Any CPU
		{ECFCCDAB-A2BA-49AF-93B7-64CAC4461237}.Release|Any CPU.ActiveCfg = Release|Any CPU
		{ECFCCDAB-A2BA-49AF-93B7-64CAC4461237}.Release|Any CPU.Build.0 = Release|Any CPU
		{111A8E3A-B0F2-47E6-9796-940F61A7AB80}.Debug|Any CPU.ActiveCfg = Debug|Any CPU
		{111A8E3A-B0F2-47E6-9796-940F61A7AB80}.Debug|Any CPU.Build.0 = Debug|Any CPU
		{111A8E3A-B0F2-47E6-9796-940F61A7AB80}.Release|Any CPU.ActiveCfg = Release|Any CPU
		{111A8E3A-B0F2-47E6-9796-940F61A7AB80}.Release|Any CPU.Build.0 = Release|Any CPU
		{D296DC23-A32A-4696-B8E1-D8BF848DCC5D}.Debug|Any CPU.ActiveCfg = Debug|Any CPU
		{D296DC23-A32A-4696-B8E1-D8BF848DCC5D}.Debug|Any CPU.Build.0 = Debug|Any CPU
		{D296DC23-A32A-4696-B8E1-D8BF848DCC5D}.Release|Any CPU.ActiveCfg = Release|Any CPU
		{D296DC23-A32A-4696-B8E1-D8BF848DCC5D}.Release|Any CPU.Build.0 = Release|Any CPU
		{4381D531-C89C-486D-BADA-B94D022F665E}.Debug|Any CPU.ActiveCfg = Debug|Any CPU
		{4381D531-C89C-486D-BADA-B94D022F665E}.Debug|Any CPU.Build.0 = Debug|Any CPU
		{4381D531-C89C-486D-BADA-B94D022F665E}.Release|Any CPU.ActiveCfg = Release|Any CPU
		{4381D531-C89C-486D-BADA-B94D022F665E}.Release|Any CPU.Build.0 = Release|Any CPU
		{0BA494A2-4ACC-4277-8A68-B519D76A02B0}.Debug|Any CPU.ActiveCfg = Debug|Any CPU
		{0BA494A2-4ACC-4277-8A68-B519D76A02B0}.Debug|Any CPU.Build.0 = Debug|Any CPU
		{0BA494A2-4ACC-4277-8A68-B519D76A02B0}.Release|Any CPU.ActiveCfg = Release|Any CPU
		{0BA494A2-4ACC-4277-8A68-B519D76A02B0}.Release|Any CPU.Build.0 = Release|Any CPU
		{260C13FF-62BF-4C22-B85E-6D227BB64F30}.Debug|Any CPU.ActiveCfg = Debug|Any CPU
		{260C13FF-62BF-4C22-B85E-6D227BB64F30}.Debug|Any CPU.Build.0 = Debug|Any CPU
		{260C13FF-62BF-4C22-B85E-6D227BB64F30}.Release|Any CPU.ActiveCfg = Release|Any CPU
		{260C13FF-62BF-4C22-B85E-6D227BB64F30}.Release|Any CPU.Build.0 = Release|Any CPU
		{FF8BBA0A-ADD4-4750-916E-A635A27CA67E}.Debug|Any CPU.ActiveCfg = Debug|Any CPU
		{FF8BBA0A-ADD4-4750-916E-A635A27CA67E}.Debug|Any CPU.Build.0 = Debug|Any CPU
		{FF8BBA0A-ADD4-4750-916E-A635A27CA67E}.Release|Any CPU.ActiveCfg = Release|Any CPU
		{FF8BBA0A-ADD4-4750-916E-A635A27CA67E}.Release|Any CPU.Build.0 = Release|Any CPU
		{11861A4E-E136-4395-9ABD-31637E3DAE9A}.Debug|Any CPU.ActiveCfg = Debug|Any CPU
		{11861A4E-E136-4395-9ABD-31637E3DAE9A}.Debug|Any CPU.Build.0 = Debug|Any CPU
		{11861A4E-E136-4395-9ABD-31637E3DAE9A}.Release|Any CPU.ActiveCfg = Release|Any CPU
		{11861A4E-E136-4395-9ABD-31637E3DAE9A}.Release|Any CPU.Build.0 = Release|Any CPU
		{BA4BE399-D5A0-49EB-8C57-8458D74E9803}.Debug|Any CPU.ActiveCfg = Debug|Any CPU
		{BA4BE399-D5A0-49EB-8C57-8458D74E9803}.Debug|Any CPU.Build.0 = Debug|Any CPU
		{BA4BE399-D5A0-49EB-8C57-8458D74E9803}.Release|Any CPU.ActiveCfg = Release|Any CPU
		{BA4BE399-D5A0-49EB-8C57-8458D74E9803}.Release|Any CPU.Build.0 = Release|Any CPU
	EndGlobalSection
	GlobalSection(SolutionProperties) = preSolution
		HideSolutionNode = FALSE
	EndGlobalSection
	GlobalSection(NestedProjects) = preSolution
		{A3F54BBB-F751-4660-AA9A-FED9D94281D1} = {A6454CE8-AC13-4840-B473-8D3234D62EBB}
		{20F7EF8C-D882-498A-9D4E-2E1F1A6EC2F2} = {4CC1115A-0CC8-4BEB-B2CC-0ED8D706E75F}
		{CE6B1F9A-1DF7-4E35-ADCC-B527206F2B98} = {1A823B42-381B-410D-AF42-DD9A68E1F61E}
		{9CEF7F17-E35B-4AF0-BFAF-DA0F7B3D9EF4} = {46EA8F30-5239-4673-B56F-463CB395B141}
		{B8760609-17D0-4F0A-913F-DBA3092D212D} = {46EA8F30-5239-4673-B56F-463CB395B141}
		{FFCA7BD3-9A83-4110-A0E3-2D9C06CD5F34} = {1A823B42-381B-410D-AF42-DD9A68E1F61E}
		{A790A117-B949-47F8-8A62-9A22E996FCC8} = {4CC1115A-0CC8-4BEB-B2CC-0ED8D706E75F}
		{97A9CE89-2781-483D-B300-63ED4CC61252} = {4CC1115A-0CC8-4BEB-B2CC-0ED8D706E75F}
		{3E291A8E-2CC4-47E3-BC7C-882B43C131E3} = {04AFFF02-BD80-463B-ABE2-34E30679817C}
		{ECFCCDAB-A2BA-49AF-93B7-64CAC4461237} = {04AFFF02-BD80-463B-ABE2-34E30679817C}
		{4381D531-C89C-486D-BADA-B94D022F665E} = {1A823B42-381B-410D-AF42-DD9A68E1F61E}
		{FF8BBA0A-ADD4-4750-916E-A635A27CA67E} = {A6454CE8-AC13-4840-B473-8D3234D62EBB}
		{11861A4E-E136-4395-9ABD-31637E3DAE9A} = {04AFFF02-BD80-463B-ABE2-34E30679817C}
		{BA4BE399-D5A0-49EB-8C57-8458D74E9803} = {46EA8F30-5239-4673-B56F-463CB395B141}
	EndGlobalSection
EndGlobal
