
Microsoft Visual Studio Solution File, Format Version 12.00
# Visual Studio 15
VisualStudioVersion = 15.0.27703.2042
MinimumVisualStudioVersion = 10.0.40219.1
Project("{FAE04EC0-301F-11D3-BF4B-00C04F79EFBC}") = "CaptureWebData", "CaptureWebData\CaptureWebData.csproj", "{A3F54BBB-F751-4660-AA9A-FED9D94281D1}"
	ProjectSection(ProjectDependencies) = postProject
		{421359CA-DB48-4A13-BB59-D29965258EE5} = {421359CA-DB48-4A13-BB59-D29965258EE5}
	EndProjectSection
EndProject
Project("{FAE04EC0-301F-11D3-BF4B-00C04F79EFBC}") = "PickUpDataMvc", "PickUpDataWeb\Web\PickUpDataMvc\PickUpDataMvc.csproj", "{AC058931-8720-43EF-B7D5-A4F0CC648462}"
EndProject
Project("{2150E333-8FDC-42A3-9474-1A3956D46DE8}") = "bin", "bin", "{0C4953B0-9E5F-4272-85C3-D214A7D33B80}"
EndProject
Project("{FAE04EC0-301F-11D3-BF4B-00C04F79EFBC}") = "Infrastructure.EFMsSQL", "..\CaptureData\Infrastructure\Infrastructure.EFMsSQL\Infrastructure.EFMsSQL.csproj", "{20F7EF8C-D882-498A-9D4E-2E1F1A6EC2F2}"
EndProject
Project("{FAE04EC0-301F-11D3-BF4B-00C04F79EFBC}") = "Application.IPDataService", "..\CaptureData\Infrastructure\Application\Application.IPDataService\Application.IPDataService.csproj", "{CE6B1F9A-1DF7-4E35-ADCC-B527206F2B98}"
EndProject
Project("{FAE04EC0-301F-11D3-BF4B-00C04F79EFBC}") = "Domain.CommonData", "..\CaptureData\Infrastructure\Domain\Domain.CommonData\Domain.CommonData.csproj", "{9CEF7F17-E35B-4AF0-BFAF-DA0F7B3D9EF4}"
EndProject
Project("{FAE04EC0-301F-11D3-BF4B-00C04F79EFBC}") = "Domain.MainContextData", "..\CaptureData\Infrastructure\Domain\Domain.MainContextData\Domain.MainContextData.csproj", "{B8760609-17D0-4F0A-913F-DBA3092D212D}"
EndProject
Project("{2150E333-8FDC-42A3-9474-1A3956D46DE8}") = "Domain", "Domain", "{46EA8F30-5239-4673-B56F-463CB395B141}"
EndProject
Project("{FAE04EC0-301F-11D3-BF4B-00C04F79EFBC}") = "SelfControlForm", "SelfControlForm\SelfControlForm.csproj", "{F56BF2A6-3935-4975-AB7A-7B242F36EE83}"
EndProject
Project("{FAE04EC0-301F-11D3-BF4B-00C04F79EFBC}") = "FeatureFrmList", "FeatureFrmList\FeatureFrmList.csproj", "{9843B4C8-9CC6-444D-8C34-371F828B3717}"
EndProject
Project("{FAE04EC0-301F-11D3-BF4B-00C04F79EFBC}") = "ApplicationService.MainContextData", "..\CaptureData\Infrastructure\Application\ApplicationService.MainContextData\ApplicationService.MainContextData.csproj", "{FFCA7BD3-9A83-4110-A0E3-2D9C06CD5F34}"
EndProject
Project("{FAE04EC0-301F-11D3-BF4B-00C04F79EFBC}") = "InfrastructureRepository.IMainContext", "..\CaptureData\Infrastructure\InfrastructureRepository\InfrastructureRepository.IMainContext\InfrastructureRepository.IMainContext.csproj", "{A790A117-B949-47F8-8A62-9A22E996FCC8}"
EndProject
Project("{FAE04EC0-301F-11D3-BF4B-00C04F79EFBC}") = "Infrastructure.ExtService", "..\CaptureData\Infrastructure\Ext\Infrastructure.ExtService\Infrastructure.ExtService.csproj", "{97A9CE89-2781-483D-B300-63ED4CC61252}"
EndProject
Project("{2150E333-8FDC-42A3-9474-1A3956D46DE8}") = "Infrastructure", "Infrastructure", "{4CC1115A-0CC8-4BEB-B2CC-0ED8D706E75F}"
EndProject
Project("{FAE04EC0-301F-11D3-BF4B-00C04F79EFBC}") = "NpkThirdPartService.MainContext", "..\CaptureData\Infrastructure\DistributedServices\NpkThirdPartService.MainContext\NpkThirdPartService.MainContext.csproj", "{EAE9C5FA-DC37-4A49-9488-C2CA7C9CAE63}"
EndProject
Project("{FAE04EC0-301F-11D3-BF4B-00C04F79EFBC}") = "GatherImage", "GatherImage\GatherImage.csproj", "{F5C36711-8ED0-4C98-9637-EF381B992C05}"
EndProject
Project("{FAE04EC0-301F-11D3-BF4B-00C04F79EFBC}") = "MenuListCs", "AutoMenu\MenuListCs\MenuListCs.csproj", "{3E291A8E-2CC4-47E3-BC7C-882B43C131E3}"
EndProject
Project("{2150E333-8FDC-42A3-9474-1A3956D46DE8}") = "Menu", "Menu", "{04AFFF02-BD80-463B-ABE2-34E30679817C}"
EndProject
Project("{FAE04EC0-301F-11D3-BF4B-00C04F79EFBC}") = "CodeInitMenuWin", "AutoMenu\CodeInitMenuWin\CodeInitMenuWin.csproj", "{ECFCCDAB-A2BA-49AF-93B7-64CAC4461237}"
	ProjectSection(ProjectDependencies) = postProject
		{F56BF2A6-3935-4975-AB7A-7B242F36EE83} = {F56BF2A6-3935-4975-AB7A-7B242F36EE83}
	EndProjectSection
EndProject
Project("{FAE04EC0-301F-11D3-BF4B-00C04F79EFBC}") = "Demo", "..\Demo\Demo.csproj", "{111A8E3A-B0F2-47E6-9796-940F61A7AB80}"
EndProject
Project("{FAE04EC0-301F-11D3-BF4B-00C04F79EFBC}") = "TimeIntervalListen", "TimeIntervalListen\TimeIntervalListen.csproj", "{D296DC23-A32A-4696-B8E1-D8BF848DCC5D}"
EndProject
Project("{2150E333-8FDC-42A3-9474-1A3956D46DE8}") = "ApplicationService", "ApplicationService", "{1A823B42-381B-410D-AF42-DD9A68E1F61E}"
EndProject
Project("{FAE04EC0-301F-11D3-BF4B-00C04F79EFBC}") = "AppService.RedisService", "..\CaptureData\Infrastructure\Application\AppService.RedisService\AppService.RedisService.csproj", "{4381D531-C89C-486D-BADA-B94D022F665E}"
EndProject
Project("{FAE04EC0-301F-11D3-BF4B-00C04F79EFBC}") = "EmailHelper", "..\CaptureData\Infrastructure\Ext\EmailHelper\EmailHelper.csproj", "{0BA494A2-4ACC-4277-8A68-B519D76A02B0}"
EndProject
Project("{FAE04EC0-301F-11D3-BF4B-00C04F79EFBC}") = "CaptureDataMvc", "CaptureDataMvc\CaptureDataMvc.csproj", "{260C13FF-62BF-4C22-B85E-6D227BB64F30}"
EndProject
Project("{2150E333-8FDC-42A3-9474-1A3956D46DE8}") = "President", "President", "{A6454CE8-AC13-4840-B473-8D3234D62EBB}"
EndProject
Project("{FAE04EC0-301F-11D3-BF4B-00C04F79EFBC}") = "CaptureDataWebApi", "CaptureDataWebApi\CaptureDataWebApi.csproj", "{FF8BBA0A-ADD4-4750-916E-A635A27CA67E}"
EndProject
Project("{FAE04EC0-301F-11D3-BF4B-00C04F79EFBC}") = "CaptureManage.AppWin", "CaptureManage.AppWin\CaptureManage.AppWin.csproj", "{11861A4E-E136-4395-9ABD-31637E3DAE9A}"
EndProject
Project("{FAE04EC0-301F-11D3-BF4B-00C04F79EFBC}") = "Domain.GlobalModel", "..\CaptureData\Infrastructure\Domain\Domain.GlobalModel\Domain.GlobalModel.csproj", "{BA4BE399-D5A0-49EB-8C57-8458D74E9803}"
EndProject
Project("{FAE04EC0-301F-11D3-BF4B-00C04F79EFBC}") = "AppLanguage", "..\AppLanguage\AppLanguage.csproj", "{3DA2BB21-14A7-49CA-9BB4-7EB8F26C415A}"
EndProject
Project("{FAE04EC0-301F-11D3-BF4B-00C04F79EFBC}") = "QuartzJobService", "..\CaptureData\Infrastructure\Ext\QuartzJobService\QuartzJobService.csproj", "{32DBC3B8-3B1A-4450-8293-A43F643DB83C}"
EndProject
Project("{FAE04EC0-301F-11D3-BF4B-00C04F79EFBC}") = "Infrastructure.MsSqlService.XmlConfigService", "..\CaptureData\Infrastructure\Infrastructure.MsSqlService.XmlConfigService\Infrastructure.MsSqlService.XmlConfigService.csproj", "{6708F053-5FAE-4F98-9E8C-A985815295DE}"
EndProject
Project("{FAE04EC0-301F-11D3-BF4B-00C04F79EFBC}") = "Infrastructure.MsSqlService.SqlHelper", "..\CaptureData\Infrastructure\Infrastructure.MsSqlService.SqlHelper\Infrastructure.MsSqlService.SqlHelper.csproj", "{43847D96-253A-4525-97ED-ACA52340013B}"
EndProject
Project("{FAE04EC0-301F-11D3-BF4B-00C04F79EFBC}") = "Common.Data", "..\BaseHelper\Common.Data\Common.Data.csproj", "{22B5A7B7-9809-4927-8538-6F7680701C5B}"
EndProject
Project("{2150E333-8FDC-42A3-9474-1A3956D46DE8}") = "Ext", "Ext", "{E3D724CF-ED9D-461B-8796-D7846E5D7F17}"
EndProject
Project("{FAE04EC0-301F-11D3-BF4B-00C04F79EFBC}") = "CommonHelperEntity", "..\BaseHelper\CommonHelperEntity\CommonHelperEntity.csproj", "{32C60C3A-C56E-457D-B553-BE076218FD5A}"
EndProject
Project("{FAE04EC0-301F-11D3-BF4B-00C04F79EFBC}") = "DataHelp", "..\BaseHelper\DataHelp\DataHelp.csproj", "{F2AF7A2A-3C36-4979-B10E-997D20A42DBC}"
EndProject
Project("{FAE04EC0-301F-11D3-BF4B-00C04F79EFBC}") = "MsSqlHelper", "..\BaseHelper\SqlHelper\MsSqlHelper\MsSqlHelper.csproj", "{D8DA05C4-0583-4357-AE64-0550DA6BA48F}"
EndProject
Project("{FAE04EC0-301F-11D3-BF4B-00C04F79EFBC}") = "SqlCmd.Model", "..\BaseHelper\SqlHelper\SqlCmd.Model\SqlCmd.Model.csproj", "{FF558206-5198-484B-A7E5-EBD8E9454F31}"
EndProject
Project("{2150E333-8FDC-42A3-9474-1A3956D46DE8}") = "HRApp", "HRApp", "{DD4A1552-786D-46D8-A077-FBFD480E4199}"
EndProject
Project("{FAE04EC0-301F-11D3-BF4B-00C04F79EFBC}") = "HRApp.Model", "..\HRApp\HRApp.Model\HRApp.Model.csproj", "{5A4B1F0F-1B3C-4313-9A15-3C55316AA3D5}"
EndProject
Project("{FAE04EC0-301F-11D3-BF4B-00C04F79EFBC}") = "HRApp.Web", "..\HRApp\HRApp.Web\HRApp.Web.csproj", "{9B9FC6F6-C20F-4CAF-9470-584BEC272A09}"
	ProjectSection(ProjectDependencies) = postProject
		{5A4B1F0F-1B3C-4313-9A15-3C55316AA3D5} = {5A4B1F0F-1B3C-4313-9A15-3C55316AA3D5}
		{7E136E38-7DB8-4E4E-9DA8-F3F0FAECDFA2} = {7E136E38-7DB8-4E4E-9DA8-F3F0FAECDFA2}
		{64CADAC1-0042-48D0-A25F-9BC78DF1DF00} = {64CADAC1-0042-48D0-A25F-9BC78DF1DF00}
		{0F4F36CC-572B-44F1-A1B7-F2CA95AFD9D6} = {0F4F36CC-572B-44F1-A1B7-F2CA95AFD9D6}
		{138002EC-0A16-4C91-BC84-9F76A71DD6FC} = {138002EC-0A16-4C91-BC84-9F76A71DD6FC}
	EndProjectSection
EndProject
Project("{FAE04EC0-301F-11D3-BF4B-00C04F79EFBC}") = "HRApp.ApplicationService", "..\HRApp\HRApp.ApplicationService\HRApp.ApplicationService.csproj", "{0F4F36CC-572B-44F1-A1B7-F2CA95AFD9D6}"
	ProjectSection(ProjectDependencies) = postProject
		{7E136E38-7DB8-4E4E-9DA8-F3F0FAECDFA2} = {7E136E38-7DB8-4E4E-9DA8-F3F0FAECDFA2}
	EndProjectSection
EndProject
Project("{FAE04EC0-301F-11D3-BF4B-00C04F79EFBC}") = "HRApp.Infrastructure", "..\HRApp\HRApp.Infrastructure\HRApp.Infrastructure.csproj", "{7E136E38-7DB8-4E4E-9DA8-F3F0FAECDFA2}"
EndProject
Project("{FAE04EC0-301F-11D3-BF4B-00C04F79EFBC}") = "IHRApp.Infrastructure", "..\HRApp\IHRApp.Infrastructure\IHRApp.Infrastructure.csproj", "{138002EC-0A16-4C91-BC84-9F76A71DD6FC}"
EndProject
Project("{FAE04EC0-301F-11D3-BF4B-00C04F79EFBC}") = "HRApp.IApplicationService", "..\HRApp\HRApp.IApplicationService\HRApp.IApplicationService.csproj", "{64CADAC1-0042-48D0-A25F-9BC78DF1DF00}"
	ProjectSection(ProjectDependencies) = postProject
		{7E136E38-7DB8-4E4E-9DA8-F3F0FAECDFA2} = {7E136E38-7DB8-4E4E-9DA8-F3F0FAECDFA2}
		{138002EC-0A16-4C91-BC84-9F76A71DD6FC} = {138002EC-0A16-4C91-BC84-9F76A71DD6FC}
	EndProjectSection
EndProject
Project("{FAE04EC0-301F-11D3-BF4B-00C04F79EFBC}") = "HttpClientHelper", "..\BaseHelper\ExtHelper\HttpClientHelper\HttpClientHelper.csproj", "{D182918A-32DC-4B35-A998-DAC7CADC2369}"
EndProject
Project("{FAE04EC0-301F-11D3-BF4B-00C04F79EFBC}") = "ServiceSmallTool", "ServiceSmallTool\ServiceSmallTool.csproj", "{C1636431-277A-47AF-965D-1DE68AE0361C}"
EndProject
Project("{FAE04EC0-301F-11D3-BF4B-00C04F79EFBC}") = "DataHelpWinform", "..\BaseHelper\DataHelpWinform\DataHelpWinform.csproj", "{421359CA-DB48-4A13-BB59-D29965258EE5}"
	ProjectSection(ProjectDependencies) = postProject
		{32C60C3A-C56E-457D-B553-BE076218FD5A} = {32C60C3A-C56E-457D-B553-BE076218FD5A}
	EndProjectSection
EndProject
Project("{FAE04EC0-301F-11D3-BF4B-00C04F79EFBC}") = "Infrastructure.EFSQLite", "..\CaptureData\Infrastructure\Infrastructure.EFSQLite\Infrastructure.EFSQLite.csproj", "{BC16843A-630B-47E7-B889-97612C8F35DF}"
EndProject
Project("{FAE04EC0-301F-11D3-BF4B-00C04F79EFBC}") = "EFSwitchDBApp", "EFSwitchDBApp\EFSwitchDBApp.csproj", "{837AFDDC-17D0-4E63-A67C-9032BACAD810}"
EndProject
Global
	GlobalSection(SolutionConfigurationPlatforms) = preSolution
		Debug|Any CPU = Debug|Any CPU
		Debug|x64 = Debug|x64
		Debug|x86 = Debug|x86
		Release|Any CPU = Release|Any CPU
		Release|x64 = Release|x64
		Release|x86 = Release|x86
	EndGlobalSection
	GlobalSection(ProjectConfigurationPlatforms) = postSolution
		{A3F54BBB-F751-4660-AA9A-FED9D94281D1}.Debug|Any CPU.ActiveCfg = Debug|Any CPU
		{A3F54BBB-F751-4660-AA9A-FED9D94281D1}.Debug|Any CPU.Build.0 = Debug|Any CPU
		{A3F54BBB-F751-4660-AA9A-FED9D94281D1}.Debug|x64.ActiveCfg = Debug|x64
		{A3F54BBB-F751-4660-AA9A-FED9D94281D1}.Debug|x64.Build.0 = Debug|x64
		{A3F54BBB-F751-4660-AA9A-FED9D94281D1}.Debug|x86.ActiveCfg = Debug|Any CPU
		{A3F54BBB-F751-4660-AA9A-FED9D94281D1}.Debug|x86.Build.0 = Debug|Any CPU
		{A3F54BBB-F751-4660-AA9A-FED9D94281D1}.Release|Any CPU.ActiveCfg = Release|Any CPU
		{A3F54BBB-F751-4660-AA9A-FED9D94281D1}.Release|Any CPU.Build.0 = Release|Any CPU
		{A3F54BBB-F751-4660-AA9A-FED9D94281D1}.Release|x64.ActiveCfg = Release|x64
		{A3F54BBB-F751-4660-AA9A-FED9D94281D1}.Release|x64.Build.0 = Release|x64
		{A3F54BBB-F751-4660-AA9A-FED9D94281D1}.Release|x86.ActiveCfg = Release|Any CPU
		{A3F54BBB-F751-4660-AA9A-FED9D94281D1}.Release|x86.Build.0 = Release|Any CPU
		{AC058931-8720-43EF-B7D5-A4F0CC648462}.Debug|Any CPU.ActiveCfg = Debug|Any CPU
		{AC058931-8720-43EF-B7D5-A4F0CC648462}.Debug|Any CPU.Build.0 = Debug|Any CPU
		{AC058931-8720-43EF-B7D5-A4F0CC648462}.Debug|x64.ActiveCfg = Debug|Any CPU
		{AC058931-8720-43EF-B7D5-A4F0CC648462}.Debug|x64.Build.0 = Debug|Any CPU
		{AC058931-8720-43EF-B7D5-A4F0CC648462}.Debug|x86.ActiveCfg = Debug|Any CPU
		{AC058931-8720-43EF-B7D5-A4F0CC648462}.Debug|x86.Build.0 = Debug|Any CPU
		{AC058931-8720-43EF-B7D5-A4F0CC648462}.Release|Any CPU.ActiveCfg = Release|Any CPU
		{AC058931-8720-43EF-B7D5-A4F0CC648462}.Release|Any CPU.Build.0 = Release|Any CPU
		{AC058931-8720-43EF-B7D5-A4F0CC648462}.Release|x64.ActiveCfg = Release|Any CPU
		{AC058931-8720-43EF-B7D5-A4F0CC648462}.Release|x64.Build.0 = Release|Any CPU
		{AC058931-8720-43EF-B7D5-A4F0CC648462}.Release|x86.ActiveCfg = Release|Any CPU
		{AC058931-8720-43EF-B7D5-A4F0CC648462}.Release|x86.Build.0 = Release|Any CPU
		{20F7EF8C-D882-498A-9D4E-2E1F1A6EC2F2}.Debug|Any CPU.ActiveCfg = Debug|Any CPU
		{20F7EF8C-D882-498A-9D4E-2E1F1A6EC2F2}.Debug|Any CPU.Build.0 = Debug|Any CPU
		{20F7EF8C-D882-498A-9D4E-2E1F1A6EC2F2}.Debug|x64.ActiveCfg = Debug|Any CPU
		{20F7EF8C-D882-498A-9D4E-2E1F1A6EC2F2}.Debug|x64.Build.0 = Debug|Any CPU
		{20F7EF8C-D882-498A-9D4E-2E1F1A6EC2F2}.Debug|x86.ActiveCfg = Debug|Any CPU
		{20F7EF8C-D882-498A-9D4E-2E1F1A6EC2F2}.Debug|x86.Build.0 = Debug|Any CPU
		{20F7EF8C-D882-498A-9D4E-2E1F1A6EC2F2}.Release|Any CPU.ActiveCfg = Release|Any CPU
		{20F7EF8C-D882-498A-9D4E-2E1F1A6EC2F2}.Release|Any CPU.Build.0 = Release|Any CPU
		{20F7EF8C-D882-498A-9D4E-2E1F1A6EC2F2}.Release|x64.ActiveCfg = Release|Any CPU
		{20F7EF8C-D882-498A-9D4E-2E1F1A6EC2F2}.Release|x64.Build.0 = Release|Any CPU
		{20F7EF8C-D882-498A-9D4E-2E1F1A6EC2F2}.Release|x86.ActiveCfg = Release|Any CPU
		{20F7EF8C-D882-498A-9D4E-2E1F1A6EC2F2}.Release|x86.Build.0 = Release|Any CPU
		{CE6B1F9A-1DF7-4E35-ADCC-B527206F2B98}.Debug|Any CPU.ActiveCfg = Debug|Any CPU
		{CE6B1F9A-1DF7-4E35-ADCC-B527206F2B98}.Debug|Any CPU.Build.0 = Debug|Any CPU
		{CE6B1F9A-1DF7-4E35-ADCC-B527206F2B98}.Debug|x64.ActiveCfg = Debug|Any CPU
		{CE6B1F9A-1DF7-4E35-ADCC-B527206F2B98}.Debug|x64.Build.0 = Debug|Any CPU
		{CE6B1F9A-1DF7-4E35-ADCC-B527206F2B98}.Debug|x86.ActiveCfg = Debug|Any CPU
		{CE6B1F9A-1DF7-4E35-ADCC-B527206F2B98}.Debug|x86.Build.0 = Debug|Any CPU
		{CE6B1F9A-1DF7-4E35-ADCC-B527206F2B98}.Release|Any CPU.ActiveCfg = Release|Any CPU
		{CE6B1F9A-1DF7-4E35-ADCC-B527206F2B98}.Release|Any CPU.Build.0 = Release|Any CPU
		{CE6B1F9A-1DF7-4E35-ADCC-B527206F2B98}.Release|x64.ActiveCfg = Release|Any CPU
		{CE6B1F9A-1DF7-4E35-ADCC-B527206F2B98}.Release|x64.Build.0 = Release|Any CPU
		{CE6B1F9A-1DF7-4E35-ADCC-B527206F2B98}.Release|x86.ActiveCfg = Release|Any CPU
		{CE6B1F9A-1DF7-4E35-ADCC-B527206F2B98}.Release|x86.Build.0 = Release|Any CPU
		{9CEF7F17-E35B-4AF0-BFAF-DA0F7B3D9EF4}.Debug|Any CPU.ActiveCfg = Debug|Any CPU
		{9CEF7F17-E35B-4AF0-BFAF-DA0F7B3D9EF4}.Debug|Any CPU.Build.0 = Debug|Any CPU
		{9CEF7F17-E35B-4AF0-BFAF-DA0F7B3D9EF4}.Debug|x64.ActiveCfg = Debug|Any CPU
		{9CEF7F17-E35B-4AF0-BFAF-DA0F7B3D9EF4}.Debug|x64.Build.0 = Debug|Any CPU
		{9CEF7F17-E35B-4AF0-BFAF-DA0F7B3D9EF4}.Debug|x86.ActiveCfg = Debug|Any CPU
		{9CEF7F17-E35B-4AF0-BFAF-DA0F7B3D9EF4}.Debug|x86.Build.0 = Debug|Any CPU
		{9CEF7F17-E35B-4AF0-BFAF-DA0F7B3D9EF4}.Release|Any CPU.ActiveCfg = Release|Any CPU
		{9CEF7F17-E35B-4AF0-BFAF-DA0F7B3D9EF4}.Release|Any CPU.Build.0 = Release|Any CPU
		{9CEF7F17-E35B-4AF0-BFAF-DA0F7B3D9EF4}.Release|x64.ActiveCfg = Release|Any CPU
		{9CEF7F17-E35B-4AF0-BFAF-DA0F7B3D9EF4}.Release|x64.Build.0 = Release|Any CPU
		{9CEF7F17-E35B-4AF0-BFAF-DA0F7B3D9EF4}.Release|x86.ActiveCfg = Release|Any CPU
		{9CEF7F17-E35B-4AF0-BFAF-DA0F7B3D9EF4}.Release|x86.Build.0 = Release|Any CPU
		{B8760609-17D0-4F0A-913F-DBA3092D212D}.Debug|Any CPU.ActiveCfg = Debug|Any CPU
		{B8760609-17D0-4F0A-913F-DBA3092D212D}.Debug|Any CPU.Build.0 = Debug|Any CPU
		{B8760609-17D0-4F0A-913F-DBA3092D212D}.Debug|x64.ActiveCfg = Debug|Any CPU
		{B8760609-17D0-4F0A-913F-DBA3092D212D}.Debug|x64.Build.0 = Debug|Any CPU
		{B8760609-17D0-4F0A-913F-DBA3092D212D}.Debug|x86.ActiveCfg = Debug|Any CPU
		{B8760609-17D0-4F0A-913F-DBA3092D212D}.Debug|x86.Build.0 = Debug|Any CPU
		{B8760609-17D0-4F0A-913F-DBA3092D212D}.Release|Any CPU.ActiveCfg = Release|Any CPU
		{B8760609-17D0-4F0A-913F-DBA3092D212D}.Release|Any CPU.Build.0 = Release|Any CPU
		{B8760609-17D0-4F0A-913F-DBA3092D212D}.Release|x64.ActiveCfg = Release|Any CPU
		{B8760609-17D0-4F0A-913F-DBA3092D212D}.Release|x64.Build.0 = Release|Any CPU
		{B8760609-17D0-4F0A-913F-DBA3092D212D}.Release|x86.ActiveCfg = Release|Any CPU
		{B8760609-17D0-4F0A-913F-DBA3092D212D}.Release|x86.Build.0 = Release|Any CPU
		{F56BF2A6-3935-4975-AB7A-7B242F36EE83}.Debug|Any CPU.ActiveCfg = Debug|Any CPU
		{F56BF2A6-3935-4975-AB7A-7B242F36EE83}.Debug|Any CPU.Build.0 = Debug|Any CPU
		{F56BF2A6-3935-4975-AB7A-7B242F36EE83}.Debug|x64.ActiveCfg = Debug|Any CPU
		{F56BF2A6-3935-4975-AB7A-7B242F36EE83}.Debug|x64.Build.0 = Debug|Any CPU
		{F56BF2A6-3935-4975-AB7A-7B242F36EE83}.Debug|x86.ActiveCfg = Debug|Any CPU
		{F56BF2A6-3935-4975-AB7A-7B242F36EE83}.Debug|x86.Build.0 = Debug|Any CPU
		{F56BF2A6-3935-4975-AB7A-7B242F36EE83}.Release|Any CPU.ActiveCfg = Release|Any CPU
		{F56BF2A6-3935-4975-AB7A-7B242F36EE83}.Release|Any CPU.Build.0 = Release|Any CPU
		{F56BF2A6-3935-4975-AB7A-7B242F36EE83}.Release|x64.ActiveCfg = Release|Any CPU
		{F56BF2A6-3935-4975-AB7A-7B242F36EE83}.Release|x64.Build.0 = Release|Any CPU
		{F56BF2A6-3935-4975-AB7A-7B242F36EE83}.Release|x86.ActiveCfg = Release|Any CPU
		{F56BF2A6-3935-4975-AB7A-7B242F36EE83}.Release|x86.Build.0 = Release|Any CPU
		{9843B4C8-9CC6-444D-8C34-371F828B3717}.Debug|Any CPU.ActiveCfg = Debug|Any CPU
		{9843B4C8-9CC6-444D-8C34-371F828B3717}.Debug|Any CPU.Build.0 = Debug|Any CPU
		{9843B4C8-9CC6-444D-8C34-371F828B3717}.Debug|x64.ActiveCfg = Debug|Any CPU
		{9843B4C8-9CC6-444D-8C34-371F828B3717}.Debug|x64.Build.0 = Debug|Any CPU
		{9843B4C8-9CC6-444D-8C34-371F828B3717}.Debug|x86.ActiveCfg = Debug|Any CPU
		{9843B4C8-9CC6-444D-8C34-371F828B3717}.Debug|x86.Build.0 = Debug|Any CPU
		{9843B4C8-9CC6-444D-8C34-371F828B3717}.Release|Any CPU.ActiveCfg = Release|Any CPU
		{9843B4C8-9CC6-444D-8C34-371F828B3717}.Release|Any CPU.Build.0 = Release|Any CPU
		{9843B4C8-9CC6-444D-8C34-371F828B3717}.Release|x64.ActiveCfg = Release|Any CPU
		{9843B4C8-9CC6-444D-8C34-371F828B3717}.Release|x64.Build.0 = Release|Any CPU
		{9843B4C8-9CC6-444D-8C34-371F828B3717}.Release|x86.ActiveCfg = Release|Any CPU
		{9843B4C8-9CC6-444D-8C34-371F828B3717}.Release|x86.Build.0 = Release|Any CPU
		{FFCA7BD3-9A83-4110-A0E3-2D9C06CD5F34}.Debug|Any CPU.ActiveCfg = Debug|Any CPU
		{FFCA7BD3-9A83-4110-A0E3-2D9C06CD5F34}.Debug|Any CPU.Build.0 = Debug|Any CPU
		{FFCA7BD3-9A83-4110-A0E3-2D9C06CD5F34}.Debug|x64.ActiveCfg = Debug|Any CPU
		{FFCA7BD3-9A83-4110-A0E3-2D9C06CD5F34}.Debug|x64.Build.0 = Debug|Any CPU
		{FFCA7BD3-9A83-4110-A0E3-2D9C06CD5F34}.Debug|x86.ActiveCfg = Debug|Any CPU
		{FFCA7BD3-9A83-4110-A0E3-2D9C06CD5F34}.Debug|x86.Build.0 = Debug|Any CPU
		{FFCA7BD3-9A83-4110-A0E3-2D9C06CD5F34}.Release|Any CPU.ActiveCfg = Release|Any CPU
		{FFCA7BD3-9A83-4110-A0E3-2D9C06CD5F34}.Release|Any CPU.Build.0 = Release|Any CPU
		{FFCA7BD3-9A83-4110-A0E3-2D9C06CD5F34}.Release|x64.ActiveCfg = Release|Any CPU
		{FFCA7BD3-9A83-4110-A0E3-2D9C06CD5F34}.Release|x64.Build.0 = Release|Any CPU
		{FFCA7BD3-9A83-4110-A0E3-2D9C06CD5F34}.Release|x86.ActiveCfg = Release|Any CPU
		{FFCA7BD3-9A83-4110-A0E3-2D9C06CD5F34}.Release|x86.Build.0 = Release|Any CPU
		{A790A117-B949-47F8-8A62-9A22E996FCC8}.Debug|Any CPU.ActiveCfg = Debug|Any CPU
		{A790A117-B949-47F8-8A62-9A22E996FCC8}.Debug|Any CPU.Build.0 = Debug|Any CPU
		{A790A117-B949-47F8-8A62-9A22E996FCC8}.Debug|x64.ActiveCfg = Debug|Any CPU
		{A790A117-B949-47F8-8A62-9A22E996FCC8}.Debug|x64.Build.0 = Debug|Any CPU
		{A790A117-B949-47F8-8A62-9A22E996FCC8}.Debug|x86.ActiveCfg = Debug|Any CPU
		{A790A117-B949-47F8-8A62-9A22E996FCC8}.Debug|x86.Build.0 = Debug|Any CPU
		{A790A117-B949-47F8-8A62-9A22E996FCC8}.Release|Any CPU.ActiveCfg = Release|Any CPU
		{A790A117-B949-47F8-8A62-9A22E996FCC8}.Release|Any CPU.Build.0 = Release|Any CPU
		{A790A117-B949-47F8-8A62-9A22E996FCC8}.Release|x64.ActiveCfg = Release|Any CPU
		{A790A117-B949-47F8-8A62-9A22E996FCC8}.Release|x64.Build.0 = Release|Any CPU
		{A790A117-B949-47F8-8A62-9A22E996FCC8}.Release|x86.ActiveCfg = Release|Any CPU
		{A790A117-B949-47F8-8A62-9A22E996FCC8}.Release|x86.Build.0 = Release|Any CPU
		{97A9CE89-2781-483D-B300-63ED4CC61252}.Debug|Any CPU.ActiveCfg = Debug|Any CPU
		{97A9CE89-2781-483D-B300-63ED4CC61252}.Debug|Any CPU.Build.0 = Debug|Any CPU
		{97A9CE89-2781-483D-B300-63ED4CC61252}.Debug|x64.ActiveCfg = Debug|Any CPU
		{97A9CE89-2781-483D-B300-63ED4CC61252}.Debug|x64.Build.0 = Debug|Any CPU
		{97A9CE89-2781-483D-B300-63ED4CC61252}.Debug|x86.ActiveCfg = Debug|Any CPU
		{97A9CE89-2781-483D-B300-63ED4CC61252}.Debug|x86.Build.0 = Debug|Any CPU
		{97A9CE89-2781-483D-B300-63ED4CC61252}.Release|Any CPU.ActiveCfg = Release|Any CPU
		{97A9CE89-2781-483D-B300-63ED4CC61252}.Release|Any CPU.Build.0 = Release|Any CPU
		{97A9CE89-2781-483D-B300-63ED4CC61252}.Release|x64.ActiveCfg = Release|Any CPU
		{97A9CE89-2781-483D-B300-63ED4CC61252}.Release|x64.Build.0 = Release|Any CPU
		{97A9CE89-2781-483D-B300-63ED4CC61252}.Release|x86.ActiveCfg = Release|Any CPU
		{97A9CE89-2781-483D-B300-63ED4CC61252}.Release|x86.Build.0 = Release|Any CPU
		{EAE9C5FA-DC37-4A49-9488-C2CA7C9CAE63}.Debug|Any CPU.ActiveCfg = Debug|Any CPU
		{EAE9C5FA-DC37-4A49-9488-C2CA7C9CAE63}.Debug|Any CPU.Build.0 = Debug|Any CPU
		{EAE9C5FA-DC37-4A49-9488-C2CA7C9CAE63}.Debug|x64.ActiveCfg = Debug|Any CPU
		{EAE9C5FA-DC37-4A49-9488-C2CA7C9CAE63}.Debug|x64.Build.0 = Debug|Any CPU
		{EAE9C5FA-DC37-4A49-9488-C2CA7C9CAE63}.Debug|x86.ActiveCfg = Debug|Any CPU
		{EAE9C5FA-DC37-4A49-9488-C2CA7C9CAE63}.Debug|x86.Build.0 = Debug|Any CPU
		{EAE9C5FA-DC37-4A49-9488-C2CA7C9CAE63}.Release|Any CPU.ActiveCfg = Release|Any CPU
		{EAE9C5FA-DC37-4A49-9488-C2CA7C9CAE63}.Release|Any CPU.Build.0 = Release|Any CPU
		{EAE9C5FA-DC37-4A49-9488-C2CA7C9CAE63}.Release|x64.ActiveCfg = Release|Any CPU
		{EAE9C5FA-DC37-4A49-9488-C2CA7C9CAE63}.Release|x64.Build.0 = Release|Any CPU
		{EAE9C5FA-DC37-4A49-9488-C2CA7C9CAE63}.Release|x86.ActiveCfg = Release|Any CPU
		{EAE9C5FA-DC37-4A49-9488-C2CA7C9CAE63}.Release|x86.Build.0 = Release|Any CPU
		{F5C36711-8ED0-4C98-9637-EF381B992C05}.Debug|Any CPU.ActiveCfg = Debug|Any CPU
		{F5C36711-8ED0-4C98-9637-EF381B992C05}.Debug|Any CPU.Build.0 = Debug|Any CPU
		{F5C36711-8ED0-4C98-9637-EF381B992C05}.Debug|x64.ActiveCfg = Debug|Any CPU
		{F5C36711-8ED0-4C98-9637-EF381B992C05}.Debug|x64.Build.0 = Debug|Any CPU
		{F5C36711-8ED0-4C98-9637-EF381B992C05}.Debug|x86.ActiveCfg = Debug|Any CPU
		{F5C36711-8ED0-4C98-9637-EF381B992C05}.Debug|x86.Build.0 = Debug|Any CPU
		{F5C36711-8ED0-4C98-9637-EF381B992C05}.Release|Any CPU.ActiveCfg = Release|Any CPU
		{F5C36711-8ED0-4C98-9637-EF381B992C05}.Release|Any CPU.Build.0 = Release|Any CPU
		{F5C36711-8ED0-4C98-9637-EF381B992C05}.Release|x64.ActiveCfg = Release|Any CPU
		{F5C36711-8ED0-4C98-9637-EF381B992C05}.Release|x64.Build.0 = Release|Any CPU
		{F5C36711-8ED0-4C98-9637-EF381B992C05}.Release|x86.ActiveCfg = Release|Any CPU
		{F5C36711-8ED0-4C98-9637-EF381B992C05}.Release|x86.Build.0 = Release|Any CPU
		{3E291A8E-2CC4-47E3-BC7C-882B43C131E3}.Debug|Any CPU.ActiveCfg = Debug|Any CPU
		{3E291A8E-2CC4-47E3-BC7C-882B43C131E3}.Debug|Any CPU.Build.0 = Debug|Any CPU
		{3E291A8E-2CC4-47E3-BC7C-882B43C131E3}.Debug|x64.ActiveCfg = Debug|Any CPU
		{3E291A8E-2CC4-47E3-BC7C-882B43C131E3}.Debug|x64.Build.0 = Debug|Any CPU
		{3E291A8E-2CC4-47E3-BC7C-882B43C131E3}.Debug|x86.ActiveCfg = Debug|Any CPU
		{3E291A8E-2CC4-47E3-BC7C-882B43C131E3}.Debug|x86.Build.0 = Debug|Any CPU
		{3E291A8E-2CC4-47E3-BC7C-882B43C131E3}.Release|Any CPU.ActiveCfg = Release|Any CPU
		{3E291A8E-2CC4-47E3-BC7C-882B43C131E3}.Release|Any CPU.Build.0 = Release|Any CPU
		{3E291A8E-2CC4-47E3-BC7C-882B43C131E3}.Release|x64.ActiveCfg = Release|Any CPU
		{3E291A8E-2CC4-47E3-BC7C-882B43C131E3}.Release|x64.Build.0 = Release|Any CPU
		{3E291A8E-2CC4-47E3-BC7C-882B43C131E3}.Release|x86.ActiveCfg = Release|Any CPU
		{3E291A8E-2CC4-47E3-BC7C-882B43C131E3}.Release|x86.Build.0 = Release|Any CPU
		{ECFCCDAB-A2BA-49AF-93B7-64CAC4461237}.Debug|Any CPU.ActiveCfg = Debug|Any CPU
		{ECFCCDAB-A2BA-49AF-93B7-64CAC4461237}.Debug|Any CPU.Build.0 = Debug|Any CPU
		{ECFCCDAB-A2BA-49AF-93B7-64CAC4461237}.Debug|x64.ActiveCfg = Debug|Any CPU
		{ECFCCDAB-A2BA-49AF-93B7-64CAC4461237}.Debug|x64.Build.0 = Debug|Any CPU
		{ECFCCDAB-A2BA-49AF-93B7-64CAC4461237}.Debug|x86.ActiveCfg = Debug|Any CPU
		{ECFCCDAB-A2BA-49AF-93B7-64CAC4461237}.Debug|x86.Build.0 = Debug|Any CPU
		{ECFCCDAB-A2BA-49AF-93B7-64CAC4461237}.Release|Any CPU.ActiveCfg = Release|Any CPU
		{ECFCCDAB-A2BA-49AF-93B7-64CAC4461237}.Release|Any CPU.Build.0 = Release|Any CPU
		{ECFCCDAB-A2BA-49AF-93B7-64CAC4461237}.Release|x64.ActiveCfg = Release|Any CPU
		{ECFCCDAB-A2BA-49AF-93B7-64CAC4461237}.Release|x64.Build.0 = Release|Any CPU
		{ECFCCDAB-A2BA-49AF-93B7-64CAC4461237}.Release|x86.ActiveCfg = Release|Any CPU
		{ECFCCDAB-A2BA-49AF-93B7-64CAC4461237}.Release|x86.Build.0 = Release|Any CPU
		{111A8E3A-B0F2-47E6-9796-940F61A7AB80}.Debug|Any CPU.ActiveCfg = Debug|Any CPU
		{111A8E3A-B0F2-47E6-9796-940F61A7AB80}.Debug|Any CPU.Build.0 = Debug|Any CPU
		{111A8E3A-B0F2-47E6-9796-940F61A7AB80}.Debug|x64.ActiveCfg = Debug|Any CPU
		{111A8E3A-B0F2-47E6-9796-940F61A7AB80}.Debug|x64.Build.0 = Debug|Any CPU
		{111A8E3A-B0F2-47E6-9796-940F61A7AB80}.Debug|x86.ActiveCfg = Debug|Any CPU
		{111A8E3A-B0F2-47E6-9796-940F61A7AB80}.Debug|x86.Build.0 = Debug|Any CPU
		{111A8E3A-B0F2-47E6-9796-940F61A7AB80}.Release|Any CPU.ActiveCfg = Release|Any CPU
		{111A8E3A-B0F2-47E6-9796-940F61A7AB80}.Release|Any CPU.Build.0 = Release|Any CPU
		{111A8E3A-B0F2-47E6-9796-940F61A7AB80}.Release|x64.ActiveCfg = Release|Any CPU
		{111A8E3A-B0F2-47E6-9796-940F61A7AB80}.Release|x64.Build.0 = Release|Any CPU
		{111A8E3A-B0F2-47E6-9796-940F61A7AB80}.Release|x86.ActiveCfg = Release|Any CPU
		{111A8E3A-B0F2-47E6-9796-940F61A7AB80}.Release|x86.Build.0 = Release|Any CPU
		{D296DC23-A32A-4696-B8E1-D8BF848DCC5D}.Debug|Any CPU.ActiveCfg = Debug|Any CPU
		{D296DC23-A32A-4696-B8E1-D8BF848DCC5D}.Debug|Any CPU.Build.0 = Debug|Any CPU
		{D296DC23-A32A-4696-B8E1-D8BF848DCC5D}.Debug|x64.ActiveCfg = Debug|Any CPU
		{D296DC23-A32A-4696-B8E1-D8BF848DCC5D}.Debug|x64.Build.0 = Debug|Any CPU
		{D296DC23-A32A-4696-B8E1-D8BF848DCC5D}.Debug|x86.ActiveCfg = Debug|Any CPU
		{D296DC23-A32A-4696-B8E1-D8BF848DCC5D}.Debug|x86.Build.0 = Debug|Any CPU
		{D296DC23-A32A-4696-B8E1-D8BF848DCC5D}.Release|Any CPU.ActiveCfg = Release|Any CPU
		{D296DC23-A32A-4696-B8E1-D8BF848DCC5D}.Release|Any CPU.Build.0 = Release|Any CPU
		{D296DC23-A32A-4696-B8E1-D8BF848DCC5D}.Release|x64.ActiveCfg = Release|Any CPU
		{D296DC23-A32A-4696-B8E1-D8BF848DCC5D}.Release|x64.Build.0 = Release|Any CPU
		{D296DC23-A32A-4696-B8E1-D8BF848DCC5D}.Release|x86.ActiveCfg = Release|Any CPU
		{D296DC23-A32A-4696-B8E1-D8BF848DCC5D}.Release|x86.Build.0 = Release|Any CPU
		{4381D531-C89C-486D-BADA-B94D022F665E}.Debug|Any CPU.ActiveCfg = Debug|Any CPU
		{4381D531-C89C-486D-BADA-B94D022F665E}.Debug|Any CPU.Build.0 = Debug|Any CPU
		{4381D531-C89C-486D-BADA-B94D022F665E}.Debug|x64.ActiveCfg = Debug|Any CPU
		{4381D531-C89C-486D-BADA-B94D022F665E}.Debug|x64.Build.0 = Debug|Any CPU
		{4381D531-C89C-486D-BADA-B94D022F665E}.Debug|x86.ActiveCfg = Debug|Any CPU
		{4381D531-C89C-486D-BADA-B94D022F665E}.Debug|x86.Build.0 = Debug|Any CPU
		{4381D531-C89C-486D-BADA-B94D022F665E}.Release|Any CPU.ActiveCfg = Release|Any CPU
		{4381D531-C89C-486D-BADA-B94D022F665E}.Release|Any CPU.Build.0 = Release|Any CPU
		{4381D531-C89C-486D-BADA-B94D022F665E}.Release|x64.ActiveCfg = Release|Any CPU
		{4381D531-C89C-486D-BADA-B94D022F665E}.Release|x64.Build.0 = Release|Any CPU
		{4381D531-C89C-486D-BADA-B94D022F665E}.Release|x86.ActiveCfg = Release|Any CPU
		{4381D531-C89C-486D-BADA-B94D022F665E}.Release|x86.Build.0 = Release|Any CPU
		{0BA494A2-4ACC-4277-8A68-B519D76A02B0}.Debug|Any CPU.ActiveCfg = Debug|Any CPU
		{0BA494A2-4ACC-4277-8A68-B519D76A02B0}.Debug|Any CPU.Build.0 = Debug|Any CPU
		{0BA494A2-4ACC-4277-8A68-B519D76A02B0}.Debug|x64.ActiveCfg = Debug|Any CPU
		{0BA494A2-4ACC-4277-8A68-B519D76A02B0}.Debug|x64.Build.0 = Debug|Any CPU
		{0BA494A2-4ACC-4277-8A68-B519D76A02B0}.Debug|x86.ActiveCfg = Debug|Any CPU
		{0BA494A2-4ACC-4277-8A68-B519D76A02B0}.Debug|x86.Build.0 = Debug|Any CPU
		{0BA494A2-4ACC-4277-8A68-B519D76A02B0}.Release|Any CPU.ActiveCfg = Release|Any CPU
		{0BA494A2-4ACC-4277-8A68-B519D76A02B0}.Release|Any CPU.Build.0 = Release|Any CPU
		{0BA494A2-4ACC-4277-8A68-B519D76A02B0}.Release|x64.ActiveCfg = Release|Any CPU
		{0BA494A2-4ACC-4277-8A68-B519D76A02B0}.Release|x64.Build.0 = Release|Any CPU
		{0BA494A2-4ACC-4277-8A68-B519D76A02B0}.Release|x86.ActiveCfg = Release|Any CPU
		{0BA494A2-4ACC-4277-8A68-B519D76A02B0}.Release|x86.Build.0 = Release|Any CPU
		{260C13FF-62BF-4C22-B85E-6D227BB64F30}.Debug|Any CPU.ActiveCfg = Debug|Any CPU
		{260C13FF-62BF-4C22-B85E-6D227BB64F30}.Debug|Any CPU.Build.0 = Debug|Any CPU
		{260C13FF-62BF-4C22-B85E-6D227BB64F30}.Debug|x64.ActiveCfg = Debug|Any CPU
		{260C13FF-62BF-4C22-B85E-6D227BB64F30}.Debug|x64.Build.0 = Debug|Any CPU
		{260C13FF-62BF-4C22-B85E-6D227BB64F30}.Debug|x86.ActiveCfg = Debug|Any CPU
		{260C13FF-62BF-4C22-B85E-6D227BB64F30}.Debug|x86.Build.0 = Debug|Any CPU
		{260C13FF-62BF-4C22-B85E-6D227BB64F30}.Release|Any CPU.ActiveCfg = Release|Any CPU
		{260C13FF-62BF-4C22-B85E-6D227BB64F30}.Release|Any CPU.Build.0 = Release|Any CPU
		{260C13FF-62BF-4C22-B85E-6D227BB64F30}.Release|x64.ActiveCfg = Release|Any CPU
		{260C13FF-62BF-4C22-B85E-6D227BB64F30}.Release|x64.Build.0 = Release|Any CPU
		{260C13FF-62BF-4C22-B85E-6D227BB64F30}.Release|x86.ActiveCfg = Release|Any CPU
		{260C13FF-62BF-4C22-B85E-6D227BB64F30}.Release|x86.Build.0 = Release|Any CPU
		{FF8BBA0A-ADD4-4750-916E-A635A27CA67E}.Debug|Any CPU.ActiveCfg = Debug|Any CPU
		{FF8BBA0A-ADD4-4750-916E-A635A27CA67E}.Debug|Any CPU.Build.0 = Debug|Any CPU
		{FF8BBA0A-ADD4-4750-916E-A635A27CA67E}.Debug|x64.ActiveCfg = Debug|Any CPU
		{FF8BBA0A-ADD4-4750-916E-A635A27CA67E}.Debug|x64.Build.0 = Debug|Any CPU
		{FF8BBA0A-ADD4-4750-916E-A635A27CA67E}.Debug|x86.ActiveCfg = Debug|Any CPU
		{FF8BBA0A-ADD4-4750-916E-A635A27CA67E}.Debug|x86.Build.0 = Debug|Any CPU
		{FF8BBA0A-ADD4-4750-916E-A635A27CA67E}.Release|Any CPU.ActiveCfg = Release|Any CPU
		{FF8BBA0A-ADD4-4750-916E-A635A27CA67E}.Release|Any CPU.Build.0 = Release|Any CPU
		{FF8BBA0A-ADD4-4750-916E-A635A27CA67E}.Release|x64.ActiveCfg = Release|Any CPU
		{FF8BBA0A-ADD4-4750-916E-A635A27CA67E}.Release|x64.Build.0 = Release|Any CPU
		{FF8BBA0A-ADD4-4750-916E-A635A27CA67E}.Release|x86.ActiveCfg = Release|Any CPU
		{FF8BBA0A-ADD4-4750-916E-A635A27CA67E}.Release|x86.Build.0 = Release|Any CPU
		{11861A4E-E136-4395-9ABD-31637E3DAE9A}.Debug|Any CPU.ActiveCfg = Debug|Any CPU
		{11861A4E-E136-4395-9ABD-31637E3DAE9A}.Debug|Any CPU.Build.0 = Debug|Any CPU
		{11861A4E-E136-4395-9ABD-31637E3DAE9A}.Debug|x64.ActiveCfg = Debug|Any CPU
		{11861A4E-E136-4395-9ABD-31637E3DAE9A}.Debug|x64.Build.0 = Debug|Any CPU
		{11861A4E-E136-4395-9ABD-31637E3DAE9A}.Debug|x86.ActiveCfg = Debug|Any CPU
		{11861A4E-E136-4395-9ABD-31637E3DAE9A}.Debug|x86.Build.0 = Debug|Any CPU
		{11861A4E-E136-4395-9ABD-31637E3DAE9A}.Release|Any CPU.ActiveCfg = Release|Any CPU
		{11861A4E-E136-4395-9ABD-31637E3DAE9A}.Release|Any CPU.Build.0 = Release|Any CPU
		{11861A4E-E136-4395-9ABD-31637E3DAE9A}.Release|x64.ActiveCfg = Release|Any CPU
		{11861A4E-E136-4395-9ABD-31637E3DAE9A}.Release|x64.Build.0 = Release|Any CPU
		{11861A4E-E136-4395-9ABD-31637E3DAE9A}.Release|x86.ActiveCfg = Release|Any CPU
		{11861A4E-E136-4395-9ABD-31637E3DAE9A}.Release|x86.Build.0 = Release|Any CPU
		{BA4BE399-D5A0-49EB-8C57-8458D74E9803}.Debug|Any CPU.ActiveCfg = Debug|Any CPU
		{BA4BE399-D5A0-49EB-8C57-8458D74E9803}.Debug|Any CPU.Build.0 = Debug|Any CPU
		{BA4BE399-D5A0-49EB-8C57-8458D74E9803}.Debug|x64.ActiveCfg = Debug|Any CPU
		{BA4BE399-D5A0-49EB-8C57-8458D74E9803}.Debug|x64.Build.0 = Debug|Any CPU
		{BA4BE399-D5A0-49EB-8C57-8458D74E9803}.Debug|x86.ActiveCfg = Debug|Any CPU
		{BA4BE399-D5A0-49EB-8C57-8458D74E9803}.Debug|x86.Build.0 = Debug|Any CPU
		{BA4BE399-D5A0-49EB-8C57-8458D74E9803}.Release|Any CPU.ActiveCfg = Release|Any CPU
		{BA4BE399-D5A0-49EB-8C57-8458D74E9803}.Release|Any CPU.Build.0 = Release|Any CPU
		{BA4BE399-D5A0-49EB-8C57-8458D74E9803}.Release|x64.ActiveCfg = Release|Any CPU
		{BA4BE399-D5A0-49EB-8C57-8458D74E9803}.Release|x64.Build.0 = Release|Any CPU
		{BA4BE399-D5A0-49EB-8C57-8458D74E9803}.Release|x86.ActiveCfg = Release|Any CPU
		{BA4BE399-D5A0-49EB-8C57-8458D74E9803}.Release|x86.Build.0 = Release|Any CPU
		{3DA2BB21-14A7-49CA-9BB4-7EB8F26C415A}.Debug|Any CPU.ActiveCfg = Debug|Any CPU
		{3DA2BB21-14A7-49CA-9BB4-7EB8F26C415A}.Debug|Any CPU.Build.0 = Debug|Any CPU
		{3DA2BB21-14A7-49CA-9BB4-7EB8F26C415A}.Debug|x64.ActiveCfg = Debug|Any CPU
		{3DA2BB21-14A7-49CA-9BB4-7EB8F26C415A}.Debug|x64.Build.0 = Debug|Any CPU
		{3DA2BB21-14A7-49CA-9BB4-7EB8F26C415A}.Debug|x86.ActiveCfg = Debug|Any CPU
		{3DA2BB21-14A7-49CA-9BB4-7EB8F26C415A}.Debug|x86.Build.0 = Debug|Any CPU
		{3DA2BB21-14A7-49CA-9BB4-7EB8F26C415A}.Release|Any CPU.ActiveCfg = Release|Any CPU
		{3DA2BB21-14A7-49CA-9BB4-7EB8F26C415A}.Release|Any CPU.Build.0 = Release|Any CPU
		{3DA2BB21-14A7-49CA-9BB4-7EB8F26C415A}.Release|x64.ActiveCfg = Release|Any CPU
		{3DA2BB21-14A7-49CA-9BB4-7EB8F26C415A}.Release|x64.Build.0 = Release|Any CPU
		{3DA2BB21-14A7-49CA-9BB4-7EB8F26C415A}.Release|x86.ActiveCfg = Release|Any CPU
		{3DA2BB21-14A7-49CA-9BB4-7EB8F26C415A}.Release|x86.Build.0 = Release|Any CPU
		{32DBC3B8-3B1A-4450-8293-A43F643DB83C}.Debug|Any CPU.ActiveCfg = Debug|Any CPU
		{32DBC3B8-3B1A-4450-8293-A43F643DB83C}.Debug|Any CPU.Build.0 = Debug|Any CPU
		{32DBC3B8-3B1A-4450-8293-A43F643DB83C}.Debug|x64.ActiveCfg = Debug|Any CPU
		{32DBC3B8-3B1A-4450-8293-A43F643DB83C}.Debug|x64.Build.0 = Debug|Any CPU
		{32DBC3B8-3B1A-4450-8293-A43F643DB83C}.Debug|x86.ActiveCfg = Debug|Any CPU
		{32DBC3B8-3B1A-4450-8293-A43F643DB83C}.Debug|x86.Build.0 = Debug|Any CPU
		{32DBC3B8-3B1A-4450-8293-A43F643DB83C}.Release|Any CPU.ActiveCfg = Release|Any CPU
		{32DBC3B8-3B1A-4450-8293-A43F643DB83C}.Release|Any CPU.Build.0 = Release|Any CPU
		{32DBC3B8-3B1A-4450-8293-A43F643DB83C}.Release|x64.ActiveCfg = Release|Any CPU
		{32DBC3B8-3B1A-4450-8293-A43F643DB83C}.Release|x64.Build.0 = Release|Any CPU
		{32DBC3B8-3B1A-4450-8293-A43F643DB83C}.Release|x86.ActiveCfg = Release|Any CPU
		{32DBC3B8-3B1A-4450-8293-A43F643DB83C}.Release|x86.Build.0 = Release|Any CPU
		{6708F053-5FAE-4F98-9E8C-A985815295DE}.Debug|Any CPU.ActiveCfg = Debug|Any CPU
		{6708F053-5FAE-4F98-9E8C-A985815295DE}.Debug|Any CPU.Build.0 = Debug|Any CPU
		{6708F053-5FAE-4F98-9E8C-A985815295DE}.Debug|x64.ActiveCfg = Debug|Any CPU
		{6708F053-5FAE-4F98-9E8C-A985815295DE}.Debug|x64.Build.0 = Debug|Any CPU
		{6708F053-5FAE-4F98-9E8C-A985815295DE}.Debug|x86.ActiveCfg = Debug|Any CPU
		{6708F053-5FAE-4F98-9E8C-A985815295DE}.Debug|x86.Build.0 = Debug|Any CPU
		{6708F053-5FAE-4F98-9E8C-A985815295DE}.Release|Any CPU.ActiveCfg = Release|Any CPU
		{6708F053-5FAE-4F98-9E8C-A985815295DE}.Release|Any CPU.Build.0 = Release|Any CPU
		{6708F053-5FAE-4F98-9E8C-A985815295DE}.Release|x64.ActiveCfg = Release|Any CPU
		{6708F053-5FAE-4F98-9E8C-A985815295DE}.Release|x64.Build.0 = Release|Any CPU
		{6708F053-5FAE-4F98-9E8C-A985815295DE}.Release|x86.ActiveCfg = Release|Any CPU
		{6708F053-5FAE-4F98-9E8C-A985815295DE}.Release|x86.Build.0 = Release|Any CPU
		{43847D96-253A-4525-97ED-ACA52340013B}.Debug|Any CPU.ActiveCfg = Debug|Any CPU
		{43847D96-253A-4525-97ED-ACA52340013B}.Debug|Any CPU.Build.0 = Debug|Any CPU
		{43847D96-253A-4525-97ED-ACA52340013B}.Debug|x64.ActiveCfg = Debug|Any CPU
		{43847D96-253A-4525-97ED-ACA52340013B}.Debug|x64.Build.0 = Debug|Any CPU
		{43847D96-253A-4525-97ED-ACA52340013B}.Debug|x86.ActiveCfg = Debug|Any CPU
		{43847D96-253A-4525-97ED-ACA52340013B}.Debug|x86.Build.0 = Debug|Any CPU
		{43847D96-253A-4525-97ED-ACA52340013B}.Release|Any CPU.ActiveCfg = Release|Any CPU
		{43847D96-253A-4525-97ED-ACA52340013B}.Release|Any CPU.Build.0 = Release|Any CPU
		{43847D96-253A-4525-97ED-ACA52340013B}.Release|x64.ActiveCfg = Release|Any CPU
		{43847D96-253A-4525-97ED-ACA52340013B}.Release|x64.Build.0 = Release|Any CPU
		{43847D96-253A-4525-97ED-ACA52340013B}.Release|x86.ActiveCfg = Release|Any CPU
		{43847D96-253A-4525-97ED-ACA52340013B}.Release|x86.Build.0 = Release|Any CPU
		{22B5A7B7-9809-4927-8538-6F7680701C5B}.Debug|Any CPU.ActiveCfg = Debug|Any CPU
		{22B5A7B7-9809-4927-8538-6F7680701C5B}.Debug|Any CPU.Build.0 = Debug|Any CPU
		{22B5A7B7-9809-4927-8538-6F7680701C5B}.Debug|x64.ActiveCfg = Debug|Any CPU
		{22B5A7B7-9809-4927-8538-6F7680701C5B}.Debug|x64.Build.0 = Debug|Any CPU
		{22B5A7B7-9809-4927-8538-6F7680701C5B}.Debug|x86.ActiveCfg = Debug|Any CPU
		{22B5A7B7-9809-4927-8538-6F7680701C5B}.Debug|x86.Build.0 = Debug|Any CPU
		{22B5A7B7-9809-4927-8538-6F7680701C5B}.Release|Any CPU.ActiveCfg = Release|Any CPU
		{22B5A7B7-9809-4927-8538-6F7680701C5B}.Release|Any CPU.Build.0 = Release|Any CPU
		{22B5A7B7-9809-4927-8538-6F7680701C5B}.Release|x64.ActiveCfg = Release|Any CPU
		{22B5A7B7-9809-4927-8538-6F7680701C5B}.Release|x64.Build.0 = Release|Any CPU
		{22B5A7B7-9809-4927-8538-6F7680701C5B}.Release|x86.ActiveCfg = Release|Any CPU
		{22B5A7B7-9809-4927-8538-6F7680701C5B}.Release|x86.Build.0 = Release|Any CPU
		{32C60C3A-C56E-457D-B553-BE076218FD5A}.Debug|Any CPU.ActiveCfg = Debug|Any CPU
		{32C60C3A-C56E-457D-B553-BE076218FD5A}.Debug|Any CPU.Build.0 = Debug|Any CPU
		{32C60C3A-C56E-457D-B553-BE076218FD5A}.Debug|x64.ActiveCfg = Debug|Any CPU
		{32C60C3A-C56E-457D-B553-BE076218FD5A}.Debug|x64.Build.0 = Debug|Any CPU
		{32C60C3A-C56E-457D-B553-BE076218FD5A}.Debug|x86.ActiveCfg = Debug|Any CPU
		{32C60C3A-C56E-457D-B553-BE076218FD5A}.Debug|x86.Build.0 = Debug|Any CPU
		{32C60C3A-C56E-457D-B553-BE076218FD5A}.Release|Any CPU.ActiveCfg = Release|Any CPU
		{32C60C3A-C56E-457D-B553-BE076218FD5A}.Release|Any CPU.Build.0 = Release|Any CPU
		{32C60C3A-C56E-457D-B553-BE076218FD5A}.Release|x64.ActiveCfg = Release|Any CPU
		{32C60C3A-C56E-457D-B553-BE076218FD5A}.Release|x64.Build.0 = Release|Any CPU
		{32C60C3A-C56E-457D-B553-BE076218FD5A}.Release|x86.ActiveCfg = Release|Any CPU
		{32C60C3A-C56E-457D-B553-BE076218FD5A}.Release|x86.Build.0 = Release|Any CPU
		{F2AF7A2A-3C36-4979-B10E-997D20A42DBC}.Debug|Any CPU.ActiveCfg = Debug|Any CPU
		{F2AF7A2A-3C36-4979-B10E-997D20A42DBC}.Debug|Any CPU.Build.0 = Debug|Any CPU
		{F2AF7A2A-3C36-4979-B10E-997D20A42DBC}.Debug|x64.ActiveCfg = Debug|Any CPU
		{F2AF7A2A-3C36-4979-B10E-997D20A42DBC}.Debug|x64.Build.0 = Debug|Any CPU
		{F2AF7A2A-3C36-4979-B10E-997D20A42DBC}.Debug|x86.ActiveCfg = Debug|Any CPU
		{F2AF7A2A-3C36-4979-B10E-997D20A42DBC}.Debug|x86.Build.0 = Debug|Any CPU
		{F2AF7A2A-3C36-4979-B10E-997D20A42DBC}.Release|Any CPU.ActiveCfg = Release|Any CPU
		{F2AF7A2A-3C36-4979-B10E-997D20A42DBC}.Release|Any CPU.Build.0 = Release|Any CPU
		{F2AF7A2A-3C36-4979-B10E-997D20A42DBC}.Release|x64.ActiveCfg = Release|Any CPU
		{F2AF7A2A-3C36-4979-B10E-997D20A42DBC}.Release|x64.Build.0 = Release|Any CPU
		{F2AF7A2A-3C36-4979-B10E-997D20A42DBC}.Release|x86.ActiveCfg = Release|Any CPU
		{F2AF7A2A-3C36-4979-B10E-997D20A42DBC}.Release|x86.Build.0 = Release|Any CPU
		{D8DA05C4-0583-4357-AE64-0550DA6BA48F}.Debug|Any CPU.ActiveCfg = Debug|Any CPU
		{D8DA05C4-0583-4357-AE64-0550DA6BA48F}.Debug|Any CPU.Build.0 = Debug|Any CPU
		{D8DA05C4-0583-4357-AE64-0550DA6BA48F}.Debug|x64.ActiveCfg = Debug|Any CPU
		{D8DA05C4-0583-4357-AE64-0550DA6BA48F}.Debug|x64.Build.0 = Debug|Any CPU
		{D8DA05C4-0583-4357-AE64-0550DA6BA48F}.Debug|x86.ActiveCfg = Debug|Any CPU
		{D8DA05C4-0583-4357-AE64-0550DA6BA48F}.Debug|x86.Build.0 = Debug|Any CPU
		{D8DA05C4-0583-4357-AE64-0550DA6BA48F}.Release|Any CPU.ActiveCfg = Release|Any CPU
		{D8DA05C4-0583-4357-AE64-0550DA6BA48F}.Release|Any CPU.Build.0 = Release|Any CPU
		{D8DA05C4-0583-4357-AE64-0550DA6BA48F}.Release|x64.ActiveCfg = Release|Any CPU
		{D8DA05C4-0583-4357-AE64-0550DA6BA48F}.Release|x64.Build.0 = Release|Any CPU
		{D8DA05C4-0583-4357-AE64-0550DA6BA48F}.Release|x86.ActiveCfg = Release|Any CPU
		{D8DA05C4-0583-4357-AE64-0550DA6BA48F}.Release|x86.Build.0 = Release|Any CPU
		{FF558206-5198-484B-A7E5-EBD8E9454F31}.Debug|Any CPU.ActiveCfg = Debug|Any CPU
		{FF558206-5198-484B-A7E5-EBD8E9454F31}.Debug|Any CPU.Build.0 = Debug|Any CPU
		{FF558206-5198-484B-A7E5-EBD8E9454F31}.Debug|x64.ActiveCfg = Debug|Any CPU
		{FF558206-5198-484B-A7E5-EBD8E9454F31}.Debug|x64.Build.0 = Debug|Any CPU
		{FF558206-5198-484B-A7E5-EBD8E9454F31}.Debug|x86.ActiveCfg = Debug|Any CPU
		{FF558206-5198-484B-A7E5-EBD8E9454F31}.Debug|x86.Build.0 = Debug|Any CPU
		{FF558206-5198-484B-A7E5-EBD8E9454F31}.Release|Any CPU.ActiveCfg = Release|Any CPU
		{FF558206-5198-484B-A7E5-EBD8E9454F31}.Release|Any CPU.Build.0 = Release|Any CPU
		{FF558206-5198-484B-A7E5-EBD8E9454F31}.Release|x64.ActiveCfg = Release|Any CPU
		{FF558206-5198-484B-A7E5-EBD8E9454F31}.Release|x64.Build.0 = Release|Any CPU
		{FF558206-5198-484B-A7E5-EBD8E9454F31}.Release|x86.ActiveCfg = Release|Any CPU
		{FF558206-5198-484B-A7E5-EBD8E9454F31}.Release|x86.Build.0 = Release|Any CPU
		{5A4B1F0F-1B3C-4313-9A15-3C55316AA3D5}.Debug|Any CPU.ActiveCfg = Debug|Any CPU
		{5A4B1F0F-1B3C-4313-9A15-3C55316AA3D5}.Debug|Any CPU.Build.0 = Debug|Any CPU
		{5A4B1F0F-1B3C-4313-9A15-3C55316AA3D5}.Debug|x64.ActiveCfg = Debug|Any CPU
		{5A4B1F0F-1B3C-4313-9A15-3C55316AA3D5}.Debug|x64.Build.0 = Debug|Any CPU
		{5A4B1F0F-1B3C-4313-9A15-3C55316AA3D5}.Debug|x86.ActiveCfg = Debug|Any CPU
		{5A4B1F0F-1B3C-4313-9A15-3C55316AA3D5}.Debug|x86.Build.0 = Debug|Any CPU
		{5A4B1F0F-1B3C-4313-9A15-3C55316AA3D5}.Release|Any CPU.ActiveCfg = Release|Any CPU
		{5A4B1F0F-1B3C-4313-9A15-3C55316AA3D5}.Release|Any CPU.Build.0 = Release|Any CPU
		{5A4B1F0F-1B3C-4313-9A15-3C55316AA3D5}.Release|x64.ActiveCfg = Release|Any CPU
		{5A4B1F0F-1B3C-4313-9A15-3C55316AA3D5}.Release|x64.Build.0 = Release|Any CPU
		{5A4B1F0F-1B3C-4313-9A15-3C55316AA3D5}.Release|x86.ActiveCfg = Release|Any CPU
		{5A4B1F0F-1B3C-4313-9A15-3C55316AA3D5}.Release|x86.Build.0 = Release|Any CPU
		{9B9FC6F6-C20F-4CAF-9470-584BEC272A09}.Debug|Any CPU.ActiveCfg = Debug|Any CPU
		{9B9FC6F6-C20F-4CAF-9470-584BEC272A09}.Debug|Any CPU.Build.0 = Debug|Any CPU
		{9B9FC6F6-C20F-4CAF-9470-584BEC272A09}.Debug|x64.ActiveCfg = Debug|Any CPU
		{9B9FC6F6-C20F-4CAF-9470-584BEC272A09}.Debug|x64.Build.0 = Debug|Any CPU
		{9B9FC6F6-C20F-4CAF-9470-584BEC272A09}.Debug|x86.ActiveCfg = Debug|Any CPU
		{9B9FC6F6-C20F-4CAF-9470-584BEC272A09}.Debug|x86.Build.0 = Debug|Any CPU
		{9B9FC6F6-C20F-4CAF-9470-584BEC272A09}.Release|Any CPU.ActiveCfg = Release|Any CPU
		{9B9FC6F6-C20F-4CAF-9470-584BEC272A09}.Release|Any CPU.Build.0 = Release|Any CPU
		{9B9FC6F6-C20F-4CAF-9470-584BEC272A09}.Release|x64.ActiveCfg = Release|Any CPU
		{9B9FC6F6-C20F-4CAF-9470-584BEC272A09}.Release|x64.Build.0 = Release|Any CPU
		{9B9FC6F6-C20F-4CAF-9470-584BEC272A09}.Release|x86.ActiveCfg = Release|Any CPU
		{9B9FC6F6-C20F-4CAF-9470-584BEC272A09}.Release|x86.Build.0 = Release|Any CPU
		{0F4F36CC-572B-44F1-A1B7-F2CA95AFD9D6}.Debug|Any CPU.ActiveCfg = Debug|Any CPU
		{0F4F36CC-572B-44F1-A1B7-F2CA95AFD9D6}.Debug|Any CPU.Build.0 = Debug|Any CPU
		{0F4F36CC-572B-44F1-A1B7-F2CA95AFD9D6}.Debug|x64.ActiveCfg = Debug|Any CPU
		{0F4F36CC-572B-44F1-A1B7-F2CA95AFD9D6}.Debug|x64.Build.0 = Debug|Any CPU
		{0F4F36CC-572B-44F1-A1B7-F2CA95AFD9D6}.Debug|x86.ActiveCfg = Debug|Any CPU
		{0F4F36CC-572B-44F1-A1B7-F2CA95AFD9D6}.Debug|x86.Build.0 = Debug|Any CPU
		{0F4F36CC-572B-44F1-A1B7-F2CA95AFD9D6}.Release|Any CPU.ActiveCfg = Release|Any CPU
		{0F4F36CC-572B-44F1-A1B7-F2CA95AFD9D6}.Release|Any CPU.Build.0 = Release|Any CPU
		{0F4F36CC-572B-44F1-A1B7-F2CA95AFD9D6}.Release|x64.ActiveCfg = Release|Any CPU
		{0F4F36CC-572B-44F1-A1B7-F2CA95AFD9D6}.Release|x64.Build.0 = Release|Any CPU
		{0F4F36CC-572B-44F1-A1B7-F2CA95AFD9D6}.Release|x86.ActiveCfg = Release|Any CPU
		{0F4F36CC-572B-44F1-A1B7-F2CA95AFD9D6}.Release|x86.Build.0 = Release|Any CPU
		{7E136E38-7DB8-4E4E-9DA8-F3F0FAECDFA2}.Debug|Any CPU.ActiveCfg = Debug|Any CPU
		{7E136E38-7DB8-4E4E-9DA8-F3F0FAECDFA2}.Debug|Any CPU.Build.0 = Debug|Any CPU
		{7E136E38-7DB8-4E4E-9DA8-F3F0FAECDFA2}.Debug|x64.ActiveCfg = Debug|Any CPU
		{7E136E38-7DB8-4E4E-9DA8-F3F0FAECDFA2}.Debug|x64.Build.0 = Debug|Any CPU
		{7E136E38-7DB8-4E4E-9DA8-F3F0FAECDFA2}.Debug|x86.ActiveCfg = Debug|Any CPU
		{7E136E38-7DB8-4E4E-9DA8-F3F0FAECDFA2}.Debug|x86.Build.0 = Debug|Any CPU
		{7E136E38-7DB8-4E4E-9DA8-F3F0FAECDFA2}.Release|Any CPU.ActiveCfg = Release|Any CPU
		{7E136E38-7DB8-4E4E-9DA8-F3F0FAECDFA2}.Release|Any CPU.Build.0 = Release|Any CPU
		{7E136E38-7DB8-4E4E-9DA8-F3F0FAECDFA2}.Release|x64.ActiveCfg = Release|Any CPU
		{7E136E38-7DB8-4E4E-9DA8-F3F0FAECDFA2}.Release|x64.Build.0 = Release|Any CPU
		{7E136E38-7DB8-4E4E-9DA8-F3F0FAECDFA2}.Release|x86.ActiveCfg = Release|Any CPU
		{7E136E38-7DB8-4E4E-9DA8-F3F0FAECDFA2}.Release|x86.Build.0 = Release|Any CPU
		{138002EC-0A16-4C91-BC84-9F76A71DD6FC}.Debug|Any CPU.ActiveCfg = Debug|Any CPU
		{138002EC-0A16-4C91-BC84-9F76A71DD6FC}.Debug|Any CPU.Build.0 = Debug|Any CPU
		{138002EC-0A16-4C91-BC84-9F76A71DD6FC}.Debug|x64.ActiveCfg = Debug|Any CPU
		{138002EC-0A16-4C91-BC84-9F76A71DD6FC}.Debug|x64.Build.0 = Debug|Any CPU
		{138002EC-0A16-4C91-BC84-9F76A71DD6FC}.Debug|x86.ActiveCfg = Debug|Any CPU
		{138002EC-0A16-4C91-BC84-9F76A71DD6FC}.Debug|x86.Build.0 = Debug|Any CPU
		{138002EC-0A16-4C91-BC84-9F76A71DD6FC}.Release|Any CPU.ActiveCfg = Release|Any CPU
		{138002EC-0A16-4C91-BC84-9F76A71DD6FC}.Release|Any CPU.Build.0 = Release|Any CPU
		{138002EC-0A16-4C91-BC84-9F76A71DD6FC}.Release|x64.ActiveCfg = Release|Any CPU
		{138002EC-0A16-4C91-BC84-9F76A71DD6FC}.Release|x64.Build.0 = Release|Any CPU
		{138002EC-0A16-4C91-BC84-9F76A71DD6FC}.Release|x86.ActiveCfg = Release|Any CPU
		{138002EC-0A16-4C91-BC84-9F76A71DD6FC}.Release|x86.Build.0 = Release|Any CPU
		{64CADAC1-0042-48D0-A25F-9BC78DF1DF00}.Debug|Any CPU.ActiveCfg = Debug|Any CPU
		{64CADAC1-0042-48D0-A25F-9BC78DF1DF00}.Debug|Any CPU.Build.0 = Debug|Any CPU
		{64CADAC1-0042-48D0-A25F-9BC78DF1DF00}.Debug|x64.ActiveCfg = Debug|Any CPU
		{64CADAC1-0042-48D0-A25F-9BC78DF1DF00}.Debug|x64.Build.0 = Debug|Any CPU
		{64CADAC1-0042-48D0-A25F-9BC78DF1DF00}.Debug|x86.ActiveCfg = Debug|Any CPU
		{64CADAC1-0042-48D0-A25F-9BC78DF1DF00}.Debug|x86.Build.0 = Debug|Any CPU
		{64CADAC1-0042-48D0-A25F-9BC78DF1DF00}.Release|Any CPU.ActiveCfg = Release|Any CPU
		{64CADAC1-0042-48D0-A25F-9BC78DF1DF00}.Release|Any CPU.Build.0 = Release|Any CPU
		{64CADAC1-0042-48D0-A25F-9BC78DF1DF00}.Release|x64.ActiveCfg = Release|Any CPU
		{64CADAC1-0042-48D0-A25F-9BC78DF1DF00}.Release|x64.Build.0 = Release|Any CPU
		{64CADAC1-0042-48D0-A25F-9BC78DF1DF00}.Release|x86.ActiveCfg = Release|Any CPU
		{64CADAC1-0042-48D0-A25F-9BC78DF1DF00}.Release|x86.Build.0 = Release|Any CPU
		{D182918A-32DC-4B35-A998-DAC7CADC2369}.Debug|Any CPU.ActiveCfg = Debug|Any CPU
		{D182918A-32DC-4B35-A998-DAC7CADC2369}.Debug|Any CPU.Build.0 = Debug|Any CPU
		{D182918A-32DC-4B35-A998-DAC7CADC2369}.Debug|x64.ActiveCfg = Debug|Any CPU
		{D182918A-32DC-4B35-A998-DAC7CADC2369}.Debug|x64.Build.0 = Debug|Any CPU
		{D182918A-32DC-4B35-A998-DAC7CADC2369}.Debug|x86.ActiveCfg = Debug|Any CPU
		{D182918A-32DC-4B35-A998-DAC7CADC2369}.Debug|x86.Build.0 = Debug|Any CPU
		{D182918A-32DC-4B35-A998-DAC7CADC2369}.Release|Any CPU.ActiveCfg = Release|Any CPU
		{D182918A-32DC-4B35-A998-DAC7CADC2369}.Release|Any CPU.Build.0 = Release|Any CPU
		{D182918A-32DC-4B35-A998-DAC7CADC2369}.Release|x64.ActiveCfg = Release|Any CPU
		{D182918A-32DC-4B35-A998-DAC7CADC2369}.Release|x64.Build.0 = Release|Any CPU
		{D182918A-32DC-4B35-A998-DAC7CADC2369}.Release|x86.ActiveCfg = Release|Any CPU
		{D182918A-32DC-4B35-A998-DAC7CADC2369}.Release|x86.Build.0 = Release|Any CPU
		{C1636431-277A-47AF-965D-1DE68AE0361C}.Debug|Any CPU.ActiveCfg = Debug|Any CPU
		{C1636431-277A-47AF-965D-1DE68AE0361C}.Debug|Any CPU.Build.0 = Debug|Any CPU
		{C1636431-277A-47AF-965D-1DE68AE0361C}.Debug|x64.ActiveCfg = Debug|Any CPU
		{C1636431-277A-47AF-965D-1DE68AE0361C}.Debug|x64.Build.0 = Debug|Any CPU
		{C1636431-277A-47AF-965D-1DE68AE0361C}.Debug|x86.ActiveCfg = Debug|Any CPU
		{C1636431-277A-47AF-965D-1DE68AE0361C}.Debug|x86.Build.0 = Debug|Any CPU
		{C1636431-277A-47AF-965D-1DE68AE0361C}.Release|Any CPU.ActiveCfg = Release|Any CPU
		{C1636431-277A-47AF-965D-1DE68AE0361C}.Release|Any CPU.Build.0 = Release|Any CPU
		{C1636431-277A-47AF-965D-1DE68AE0361C}.Release|x64.ActiveCfg = Release|Any CPU
		{C1636431-277A-47AF-965D-1DE68AE0361C}.Release|x64.Build.0 = Release|Any CPU
		{C1636431-277A-47AF-965D-1DE68AE0361C}.Release|x86.ActiveCfg = Release|Any CPU
		{C1636431-277A-47AF-965D-1DE68AE0361C}.Release|x86.Build.0 = Release|Any CPU
		{421359CA-DB48-4A13-BB59-D29965258EE5}.Debug|Any CPU.ActiveCfg = Debug|Any CPU
		{421359CA-DB48-4A13-BB59-D29965258EE5}.Debug|Any CPU.Build.0 = Debug|Any CPU
		{421359CA-DB48-4A13-BB59-D29965258EE5}.Debug|x64.ActiveCfg = Debug|Any CPU
		{421359CA-DB48-4A13-BB59-D29965258EE5}.Debug|x64.Build.0 = Debug|Any CPU
		{421359CA-DB48-4A13-BB59-D29965258EE5}.Debug|x86.ActiveCfg = Debug|Any CPU
		{421359CA-DB48-4A13-BB59-D29965258EE5}.Debug|x86.Build.0 = Debug|Any CPU
		{421359CA-DB48-4A13-BB59-D29965258EE5}.Release|Any CPU.ActiveCfg = Release|Any CPU
		{421359CA-DB48-4A13-BB59-D29965258EE5}.Release|Any CPU.Build.0 = Release|Any CPU
		{421359CA-DB48-4A13-BB59-D29965258EE5}.Release|x64.ActiveCfg = Release|Any CPU
		{421359CA-DB48-4A13-BB59-D29965258EE5}.Release|x64.Build.0 = Release|Any CPU
		{421359CA-DB48-4A13-BB59-D29965258EE5}.Release|x86.ActiveCfg = Release|Any CPU
		{421359CA-DB48-4A13-BB59-D29965258EE5}.Release|x86.Build.0 = Release|Any CPU
		{BC16843A-630B-47E7-B889-97612C8F35DF}.Debug|Any CPU.ActiveCfg = Debug|Any CPU
		{BC16843A-630B-47E7-B889-97612C8F35DF}.Debug|Any CPU.Build.0 = Debug|Any CPU
		{BC16843A-630B-47E7-B889-97612C8F35DF}.Debug|x64.ActiveCfg = Debug|Any CPU
		{BC16843A-630B-47E7-B889-97612C8F35DF}.Debug|x64.Build.0 = Debug|Any CPU
		{BC16843A-630B-47E7-B889-97612C8F35DF}.Debug|x86.ActiveCfg = Debug|Any CPU
		{BC16843A-630B-47E7-B889-97612C8F35DF}.Debug|x86.Build.0 = Debug|Any CPU
		{BC16843A-630B-47E7-B889-97612C8F35DF}.Release|Any CPU.ActiveCfg = Release|Any CPU
		{BC16843A-630B-47E7-B889-97612C8F35DF}.Release|Any CPU.Build.0 = Release|Any CPU
		{BC16843A-630B-47E7-B889-97612C8F35DF}.Release|x64.ActiveCfg = Release|Any CPU
		{BC16843A-630B-47E7-B889-97612C8F35DF}.Release|x64.Build.0 = Release|Any CPU
		{BC16843A-630B-47E7-B889-97612C8F35DF}.Release|x86.ActiveCfg = Release|Any CPU
		{BC16843A-630B-47E7-B889-97612C8F35DF}.Release|x86.Build.0 = Release|Any CPU
		{837AFDDC-17D0-4E63-A67C-9032BACAD810}.Debug|Any CPU.ActiveCfg = Debug|Any CPU
		{837AFDDC-17D0-4E63-A67C-9032BACAD810}.Debug|Any CPU.Build.0 = Debug|Any CPU
		{837AFDDC-17D0-4E63-A67C-9032BACAD810}.Debug|x64.ActiveCfg = Debug|x64
		{837AFDDC-17D0-4E63-A67C-9032BACAD810}.Debug|x64.Build.0 = Debug|x64
		{837AFDDC-17D0-4E63-A67C-9032BACAD810}.Debug|x86.ActiveCfg = Debug|Any CPU
		{837AFDDC-17D0-4E63-A67C-9032BACAD810}.Debug|x86.Build.0 = Debug|Any CPU
		{837AFDDC-17D0-4E63-A67C-9032BACAD810}.Release|Any CPU.ActiveCfg = Release|Any CPU
		{837AFDDC-17D0-4E63-A67C-9032BACAD810}.Release|Any CPU.Build.0 = Release|Any CPU
		{837AFDDC-17D0-4E63-A67C-9032BACAD810}.Release|x64.ActiveCfg = Release|x64
		{837AFDDC-17D0-4E63-A67C-9032BACAD810}.Release|x64.Build.0 = Release|x64
		{837AFDDC-17D0-4E63-A67C-9032BACAD810}.Release|x86.ActiveCfg = Release|Any CPU
		{837AFDDC-17D0-4E63-A67C-9032BACAD810}.Release|x86.Build.0 = Release|Any CPU
	EndGlobalSection
	GlobalSection(SolutionProperties) = preSolution
		HideSolutionNode = FALSE
	EndGlobalSection
	GlobalSection(NestedProjects) = preSolution
		{A3F54BBB-F751-4660-AA9A-FED9D94281D1} = {A6454CE8-AC13-4840-B473-8D3234D62EBB}
		{AC058931-8720-43EF-B7D5-A4F0CC648462} = {A6454CE8-AC13-4840-B473-8D3234D62EBB}
		{20F7EF8C-D882-498A-9D4E-2E1F1A6EC2F2} = {4CC1115A-0CC8-4BEB-B2CC-0ED8D706E75F}
		{CE6B1F9A-1DF7-4E35-ADCC-B527206F2B98} = {1A823B42-381B-410D-AF42-DD9A68E1F61E}
		{9CEF7F17-E35B-4AF0-BFAF-DA0F7B3D9EF4} = {46EA8F30-5239-4673-B56F-463CB395B141}
		{B8760609-17D0-4F0A-913F-DBA3092D212D} = {46EA8F30-5239-4673-B56F-463CB395B141}
		{FFCA7BD3-9A83-4110-A0E3-2D9C06CD5F34} = {1A823B42-381B-410D-AF42-DD9A68E1F61E}
		{A790A117-B949-47F8-8A62-9A22E996FCC8} = {4CC1115A-0CC8-4BEB-B2CC-0ED8D706E75F}
		{97A9CE89-2781-483D-B300-63ED4CC61252} = {4CC1115A-0CC8-4BEB-B2CC-0ED8D706E75F}
		{F5C36711-8ED0-4C98-9637-EF381B992C05} = {A6454CE8-AC13-4840-B473-8D3234D62EBB}
		{3E291A8E-2CC4-47E3-BC7C-882B43C131E3} = {04AFFF02-BD80-463B-ABE2-34E30679817C}
		{ECFCCDAB-A2BA-49AF-93B7-64CAC4461237} = {04AFFF02-BD80-463B-ABE2-34E30679817C}
		{4381D531-C89C-486D-BADA-B94D022F665E} = {1A823B42-381B-410D-AF42-DD9A68E1F61E}
		{260C13FF-62BF-4C22-B85E-6D227BB64F30} = {A6454CE8-AC13-4840-B473-8D3234D62EBB}
		{FF8BBA0A-ADD4-4750-916E-A635A27CA67E} = {A6454CE8-AC13-4840-B473-8D3234D62EBB}
		{11861A4E-E136-4395-9ABD-31637E3DAE9A} = {04AFFF02-BD80-463B-ABE2-34E30679817C}
		{BA4BE399-D5A0-49EB-8C57-8458D74E9803} = {46EA8F30-5239-4673-B56F-463CB395B141}
		{6708F053-5FAE-4F98-9E8C-A985815295DE} = {4CC1115A-0CC8-4BEB-B2CC-0ED8D706E75F}
		{43847D96-253A-4525-97ED-ACA52340013B} = {4CC1115A-0CC8-4BEB-B2CC-0ED8D706E75F}
		{22B5A7B7-9809-4927-8538-6F7680701C5B} = {E3D724CF-ED9D-461B-8796-D7846E5D7F17}
		{32C60C3A-C56E-457D-B553-BE076218FD5A} = {E3D724CF-ED9D-461B-8796-D7846E5D7F17}
		{F2AF7A2A-3C36-4979-B10E-997D20A42DBC} = {E3D724CF-ED9D-461B-8796-D7846E5D7F17}
		{D8DA05C4-0583-4357-AE64-0550DA6BA48F} = {E3D724CF-ED9D-461B-8796-D7846E5D7F17}
		{FF558206-5198-484B-A7E5-EBD8E9454F31} = {E3D724CF-ED9D-461B-8796-D7846E5D7F17}
		{5A4B1F0F-1B3C-4313-9A15-3C55316AA3D5} = {DD4A1552-786D-46D8-A077-FBFD480E4199}
		{9B9FC6F6-C20F-4CAF-9470-584BEC272A09} = {DD4A1552-786D-46D8-A077-FBFD480E4199}
		{0F4F36CC-572B-44F1-A1B7-F2CA95AFD9D6} = {DD4A1552-786D-46D8-A077-FBFD480E4199}
		{7E136E38-7DB8-4E4E-9DA8-F3F0FAECDFA2} = {DD4A1552-786D-46D8-A077-FBFD480E4199}
		{138002EC-0A16-4C91-BC84-9F76A71DD6FC} = {DD4A1552-786D-46D8-A077-FBFD480E4199}
		{64CADAC1-0042-48D0-A25F-9BC78DF1DF00} = {DD4A1552-786D-46D8-A077-FBFD480E4199}
		{D182918A-32DC-4B35-A998-DAC7CADC2369} = {E3D724CF-ED9D-461B-8796-D7846E5D7F17}
		{C1636431-277A-47AF-965D-1DE68AE0361C} = {A6454CE8-AC13-4840-B473-8D3234D62EBB}
		{BC16843A-630B-47E7-B889-97612C8F35DF} = {4CC1115A-0CC8-4BEB-B2CC-0ED8D706E75F}
	EndGlobalSection
	GlobalSection(ExtensibilityGlobals) = postSolution
		SolutionGuid = {7AD6CAE8-D2E8-43A6-A958-974421DC2858}
	EndGlobalSection
EndGlobal
